
Microsoft Visual Studio Solution File, Format Version 12.00
# Visual Studio Version 16
VisualStudioVersion = 16.0.29613.14
MinimumVisualStudioVersion = 10.0.40219.1
Project("{D954291E-2A0B-460D-934E-DC6B0785DB48}") = "Uno.SplashScreenEverywhere.Shared", "Uno.SplashScreenEverywhere.Shared\Uno.SplashScreenEverywhere.Shared.shproj", "{6279C845-92F8-4333-AB99-3D213163593C}"
EndProject
Project("{FAE04EC0-301F-11D3-BF4B-00C04F79EFBC}") = "Uno.SplashScreenEverywhere.Droid", "Uno.SplashScreenEverywhere.Droid\Uno.SplashScreenEverywhere.Droid.csproj", "{1BB975C1-A720-4F90-8C52-7AF25ADD7A6D}"
EndProject
Project("{FAE04EC0-301F-11D3-BF4B-00C04F79EFBC}") = "Uno.SplashScreenEverywhere.iOS", "Uno.SplashScreenEverywhere.iOS\Uno.SplashScreenEverywhere.iOS.csproj", "{1D52EB28-9FB6-4582-BEB8-1D6E0F059678}"
EndProject
Project("{FAE04EC0-301F-11D3-BF4B-00C04F79EFBC}") = "Uno.SplashScreenEverywhere.UWP", "Uno.SplashScreenEverywhere.UWP\Uno.SplashScreenEverywhere.UWP.csproj", "{CF16EDE5-0E09-4621-B90A-04FF821AAC9F}"
EndProject
Project("{9A19103F-16F7-4668-BE54-9A1E7A4F7556}") = "Uno.SplashScreenEverywhere.Wasm", "Uno.SplashScreenEverywhere.Wasm\Uno.SplashScreenEverywhere.Wasm.csproj", "{A40E8FF2-025A-4E95-8CA6-1BDABB9D4983}"
EndProject
Global
	GlobalSection(SharedMSBuildProjectFiles) = preSolution
		Uno.SplashScreenEverywhere.Shared\Uno.SplashScreenEverywhere.Shared.projitems*{1bb975c1-a720-4f90-8c52-7af25add7a6d}*SharedItemsImports = 4
		Uno.SplashScreenEverywhere.Shared\Uno.SplashScreenEverywhere.Shared.projitems*{1d52eb28-9fb6-4582-beb8-1d6e0f059678}*SharedItemsImports = 4
		Uno.SplashScreenEverywhere.Shared\Uno.SplashScreenEverywhere.Shared.projitems*{6279c845-92f8-4333-ab99-3d213163593c}*SharedItemsImports = 13
		Uno.SplashScreenEverywhere.Shared\Uno.SplashScreenEverywhere.Shared.projitems*{cf16ede5-0e09-4621-b90a-04ff821aac9f}*SharedItemsImports = 4
	EndGlobalSection
	GlobalSection(SolutionConfigurationPlatforms) = preSolution
		Ad-Hoc|Any CPU = Ad-Hoc|Any CPU
		Ad-Hoc|ARM = Ad-Hoc|ARM
		Ad-Hoc|iPhone = Ad-Hoc|iPhone
		Ad-Hoc|iPhoneSimulator = Ad-Hoc|iPhoneSimulator
		Ad-Hoc|x64 = Ad-Hoc|x64
		Ad-Hoc|x86 = Ad-Hoc|x86
		AppStore|Any CPU = AppStore|Any CPU
		AppStore|ARM = AppStore|ARM
		AppStore|iPhone = AppStore|iPhone
		AppStore|iPhoneSimulator = AppStore|iPhoneSimulator
		AppStore|x64 = AppStore|x64
		AppStore|x86 = AppStore|x86
		Debug|Any CPU = Debug|Any CPU
		Debug|ARM = Debug|ARM
		Debug|iPhone = Debug|iPhone
		Debug|iPhoneSimulator = Debug|iPhoneSimulator
		Debug|x64 = Debug|x64
		Debug|x86 = Debug|x86
		Release|Any CPU = Release|Any CPU
		Release|ARM = Release|ARM
		Release|iPhone = Release|iPhone
		Release|iPhoneSimulator = Release|iPhoneSimulator
		Release|x64 = Release|x64
		Release|x86 = Release|x86
	EndGlobalSection
	GlobalSection(ProjectConfigurationPlatforms) = postSolution
		{1BB975C1-A720-4F90-8C52-7AF25ADD7A6D}.Ad-Hoc|Any CPU.ActiveCfg = Release|Any CPU
		{1BB975C1-A720-4F90-8C52-7AF25ADD7A6D}.Ad-Hoc|Any CPU.Build.0 = Release|Any CPU
		{1BB975C1-A720-4F90-8C52-7AF25ADD7A6D}.Ad-Hoc|Any CPU.Deploy.0 = Release|Any CPU
		{1BB975C1-A720-4F90-8C52-7AF25ADD7A6D}.Ad-Hoc|ARM.ActiveCfg = Release|Any CPU
		{1BB975C1-A720-4F90-8C52-7AF25ADD7A6D}.Ad-Hoc|ARM.Build.0 = Release|Any CPU
		{1BB975C1-A720-4F90-8C52-7AF25ADD7A6D}.Ad-Hoc|ARM.Deploy.0 = Release|Any CPU
		{1BB975C1-A720-4F90-8C52-7AF25ADD7A6D}.Ad-Hoc|iPhone.ActiveCfg = Release|Any CPU
		{1BB975C1-A720-4F90-8C52-7AF25ADD7A6D}.Ad-Hoc|iPhone.Build.0 = Release|Any CPU
		{1BB975C1-A720-4F90-8C52-7AF25ADD7A6D}.Ad-Hoc|iPhone.Deploy.0 = Release|Any CPU
		{1BB975C1-A720-4F90-8C52-7AF25ADD7A6D}.Ad-Hoc|iPhoneSimulator.ActiveCfg = Release|Any CPU
		{1BB975C1-A720-4F90-8C52-7AF25ADD7A6D}.Ad-Hoc|iPhoneSimulator.Build.0 = Release|Any CPU
		{1BB975C1-A720-4F90-8C52-7AF25ADD7A6D}.Ad-Hoc|iPhoneSimulator.Deploy.0 = Release|Any CPU
		{1BB975C1-A720-4F90-8C52-7AF25ADD7A6D}.Ad-Hoc|x64.ActiveCfg = Release|Any CPU
		{1BB975C1-A720-4F90-8C52-7AF25ADD7A6D}.Ad-Hoc|x64.Build.0 = Release|Any CPU
		{1BB975C1-A720-4F90-8C52-7AF25ADD7A6D}.Ad-Hoc|x64.Deploy.0 = Release|Any CPU
		{1BB975C1-A720-4F90-8C52-7AF25ADD7A6D}.Ad-Hoc|x86.ActiveCfg = Release|Any CPU
		{1BB975C1-A720-4F90-8C52-7AF25ADD7A6D}.Ad-Hoc|x86.Build.0 = Release|Any CPU
		{1BB975C1-A720-4F90-8C52-7AF25ADD7A6D}.Ad-Hoc|x86.Deploy.0 = Release|Any CPU
		{1BB975C1-A720-4F90-8C52-7AF25ADD7A6D}.AppStore|Any CPU.ActiveCfg = Release|Any CPU
		{1BB975C1-A720-4F90-8C52-7AF25ADD7A6D}.AppStore|Any CPU.Build.0 = Release|Any CPU
		{1BB975C1-A720-4F90-8C52-7AF25ADD7A6D}.AppStore|Any CPU.Deploy.0 = Release|Any CPU
		{1BB975C1-A720-4F90-8C52-7AF25ADD7A6D}.AppStore|ARM.ActiveCfg = Release|Any CPU
		{1BB975C1-A720-4F90-8C52-7AF25ADD7A6D}.AppStore|ARM.Build.0 = Release|Any CPU
		{1BB975C1-A720-4F90-8C52-7AF25ADD7A6D}.AppStore|ARM.Deploy.0 = Release|Any CPU
		{1BB975C1-A720-4F90-8C52-7AF25ADD7A6D}.AppStore|iPhone.ActiveCfg = Release|Any CPU
		{1BB975C1-A720-4F90-8C52-7AF25ADD7A6D}.AppStore|iPhone.Build.0 = Release|Any CPU
		{1BB975C1-A720-4F90-8C52-7AF25ADD7A6D}.AppStore|iPhone.Deploy.0 = Release|Any CPU
		{1BB975C1-A720-4F90-8C52-7AF25ADD7A6D}.AppStore|iPhoneSimulator.ActiveCfg = Release|Any CPU
		{1BB975C1-A720-4F90-8C52-7AF25ADD7A6D}.AppStore|iPhoneSimulator.Build.0 = Release|Any CPU
		{1BB975C1-A720-4F90-8C52-7AF25ADD7A6D}.AppStore|iPhoneSimulator.Deploy.0 = Release|Any CPU
		{1BB975C1-A720-4F90-8C52-7AF25ADD7A6D}.AppStore|x64.ActiveCfg = Release|Any CPU
		{1BB975C1-A720-4F90-8C52-7AF25ADD7A6D}.AppStore|x64.Build.0 = Release|Any CPU
		{1BB975C1-A720-4F90-8C52-7AF25ADD7A6D}.AppStore|x64.Deploy.0 = Release|Any CPU
		{1BB975C1-A720-4F90-8C52-7AF25ADD7A6D}.AppStore|x86.ActiveCfg = Release|Any CPU
		{1BB975C1-A720-4F90-8C52-7AF25ADD7A6D}.AppStore|x86.Build.0 = Release|Any CPU
		{1BB975C1-A720-4F90-8C52-7AF25ADD7A6D}.AppStore|x86.Deploy.0 = Release|Any CPU
		{1BB975C1-A720-4F90-8C52-7AF25ADD7A6D}.Debug|Any CPU.ActiveCfg = Debug|Any CPU
		{1BB975C1-A720-4F90-8C52-7AF25ADD7A6D}.Debug|Any CPU.Build.0 = Debug|Any CPU
		{1BB975C1-A720-4F90-8C52-7AF25ADD7A6D}.Debug|Any CPU.Deploy.0 = Debug|Any CPU
		{1BB975C1-A720-4F90-8C52-7AF25ADD7A6D}.Debug|ARM.ActiveCfg = Debug|Any CPU
		{1BB975C1-A720-4F90-8C52-7AF25ADD7A6D}.Debug|ARM.Build.0 = Debug|Any CPU
		{1BB975C1-A720-4F90-8C52-7AF25ADD7A6D}.Debug|ARM.Deploy.0 = Debug|Any CPU
		{1BB975C1-A720-4F90-8C52-7AF25ADD7A6D}.Debug|iPhone.ActiveCfg = Debug|Any CPU
		{1BB975C1-A720-4F90-8C52-7AF25ADD7A6D}.Debug|iPhone.Build.0 = Debug|Any CPU
		{1BB975C1-A720-4F90-8C52-7AF25ADD7A6D}.Debug|iPhone.Deploy.0 = Debug|Any CPU
		{1BB975C1-A720-4F90-8C52-7AF25ADD7A6D}.Debug|iPhoneSimulator.ActiveCfg = Debug|Any CPU
		{1BB975C1-A720-4F90-8C52-7AF25ADD7A6D}.Debug|iPhoneSimulator.Build.0 = Debug|Any CPU
		{1BB975C1-A720-4F90-8C52-7AF25ADD7A6D}.Debug|iPhoneSimulator.Deploy.0 = Debug|Any CPU
		{1BB975C1-A720-4F90-8C52-7AF25ADD7A6D}.Debug|x64.ActiveCfg = Debug|Any CPU
		{1BB975C1-A720-4F90-8C52-7AF25ADD7A6D}.Debug|x64.Build.0 = Debug|Any CPU
		{1BB975C1-A720-4F90-8C52-7AF25ADD7A6D}.Debug|x64.Deploy.0 = Debug|Any CPU
		{1BB975C1-A720-4F90-8C52-7AF25ADD7A6D}.Debug|x86.ActiveCfg = Debug|Any CPU
		{1BB975C1-A720-4F90-8C52-7AF25ADD7A6D}.Debug|x86.Build.0 = Debug|Any CPU
		{1BB975C1-A720-4F90-8C52-7AF25ADD7A6D}.Debug|x86.Deploy.0 = Debug|Any CPU
		{1BB975C1-A720-4F90-8C52-7AF25ADD7A6D}.Release|Any CPU.ActiveCfg = Release|Any CPU
		{1BB975C1-A720-4F90-8C52-7AF25ADD7A6D}.Release|Any CPU.Build.0 = Release|Any CPU
		{1BB975C1-A720-4F90-8C52-7AF25ADD7A6D}.Release|Any CPU.Deploy.0 = Release|Any CPU
		{1BB975C1-A720-4F90-8C52-7AF25ADD7A6D}.Release|ARM.ActiveCfg = Release|Any CPU
		{1BB975C1-A720-4F90-8C52-7AF25ADD7A6D}.Release|ARM.Build.0 = Release|Any CPU
		{1BB975C1-A720-4F90-8C52-7AF25ADD7A6D}.Release|ARM.Deploy.0 = Release|Any CPU
		{1BB975C1-A720-4F90-8C52-7AF25ADD7A6D}.Release|iPhone.ActiveCfg = Release|Any CPU
		{1BB975C1-A720-4F90-8C52-7AF25ADD7A6D}.Release|iPhone.Build.0 = Release|Any CPU
		{1BB975C1-A720-4F90-8C52-7AF25ADD7A6D}.Release|iPhone.Deploy.0 = Release|Any CPU
		{1BB975C1-A720-4F90-8C52-7AF25ADD7A6D}.Release|iPhoneSimulator.ActiveCfg = Release|Any CPU
		{1BB975C1-A720-4F90-8C52-7AF25ADD7A6D}.Release|iPhoneSimulator.Build.0 = Release|Any CPU
		{1BB975C1-A720-4F90-8C52-7AF25ADD7A6D}.Release|iPhoneSimulator.Deploy.0 = Release|Any CPU
		{1BB975C1-A720-4F90-8C52-7AF25ADD7A6D}.Release|x64.ActiveCfg = Release|Any CPU
		{1BB975C1-A720-4F90-8C52-7AF25ADD7A6D}.Release|x64.Build.0 = Release|Any CPU
		{1BB975C1-A720-4F90-8C52-7AF25ADD7A6D}.Release|x64.Deploy.0 = Release|Any CPU
		{1BB975C1-A720-4F90-8C52-7AF25ADD7A6D}.Release|x86.ActiveCfg = Release|Any CPU
		{1BB975C1-A720-4F90-8C52-7AF25ADD7A6D}.Release|x86.Build.0 = Release|Any CPU
		{1BB975C1-A720-4F90-8C52-7AF25ADD7A6D}.Release|x86.Deploy.0 = Release|Any CPU
		{1D52EB28-9FB6-4582-BEB8-1D6E0F059678}.Ad-Hoc|Any CPU.ActiveCfg = Ad-Hoc|iPhone
		{1D52EB28-9FB6-4582-BEB8-1D6E0F059678}.Ad-Hoc|ARM.ActiveCfg = Ad-Hoc|iPhone
		{1D52EB28-9FB6-4582-BEB8-1D6E0F059678}.Ad-Hoc|iPhone.ActiveCfg = Ad-Hoc|iPhone
		{1D52EB28-9FB6-4582-BEB8-1D6E0F059678}.Ad-Hoc|iPhone.Build.0 = Ad-Hoc|iPhone
		{1D52EB28-9FB6-4582-BEB8-1D6E0F059678}.Ad-Hoc|iPhoneSimulator.ActiveCfg = Ad-Hoc|iPhoneSimulator
		{1D52EB28-9FB6-4582-BEB8-1D6E0F059678}.Ad-Hoc|iPhoneSimulator.Build.0 = Ad-Hoc|iPhoneSimulator
		{1D52EB28-9FB6-4582-BEB8-1D6E0F059678}.Ad-Hoc|x64.ActiveCfg = Ad-Hoc|iPhone
		{1D52EB28-9FB6-4582-BEB8-1D6E0F059678}.Ad-Hoc|x86.ActiveCfg = Ad-Hoc|iPhone
		{1D52EB28-9FB6-4582-BEB8-1D6E0F059678}.AppStore|Any CPU.ActiveCfg = AppStore|iPhone
		{1D52EB28-9FB6-4582-BEB8-1D6E0F059678}.AppStore|ARM.ActiveCfg = AppStore|iPhone
		{1D52EB28-9FB6-4582-BEB8-1D6E0F059678}.AppStore|iPhone.ActiveCfg = AppStore|iPhone
		{1D52EB28-9FB6-4582-BEB8-1D6E0F059678}.AppStore|iPhone.Build.0 = AppStore|iPhone
		{1D52EB28-9FB6-4582-BEB8-1D6E0F059678}.AppStore|iPhoneSimulator.ActiveCfg = AppStore|iPhoneSimulator
		{1D52EB28-9FB6-4582-BEB8-1D6E0F059678}.AppStore|iPhoneSimulator.Build.0 = AppStore|iPhoneSimulator
		{1D52EB28-9FB6-4582-BEB8-1D6E0F059678}.AppStore|x64.ActiveCfg = AppStore|iPhone
		{1D52EB28-9FB6-4582-BEB8-1D6E0F059678}.AppStore|x86.ActiveCfg = AppStore|iPhone
		{1D52EB28-9FB6-4582-BEB8-1D6E0F059678}.Debug|Any CPU.ActiveCfg = Debug|iPhone
		{1D52EB28-9FB6-4582-BEB8-1D6E0F059678}.Debug|ARM.ActiveCfg = Debug|iPhone
		{1D52EB28-9FB6-4582-BEB8-1D6E0F059678}.Debug|iPhone.ActiveCfg = Debug|iPhone
		{1D52EB28-9FB6-4582-BEB8-1D6E0F059678}.Debug|iPhone.Build.0 = Debug|iPhone
		{1D52EB28-9FB6-4582-BEB8-1D6E0F059678}.Debug|iPhoneSimulator.ActiveCfg = Debug|iPhoneSimulator
		{1D52EB28-9FB6-4582-BEB8-1D6E0F059678}.Debug|iPhoneSimulator.Build.0 = Debug|iPhoneSimulator
		{1D52EB28-9FB6-4582-BEB8-1D6E0F059678}.Debug|x64.ActiveCfg = Debug|iPhone
		{1D52EB28-9FB6-4582-BEB8-1D6E0F059678}.Debug|x86.ActiveCfg = Debug|iPhone
		{1D52EB28-9FB6-4582-BEB8-1D6E0F059678}.Release|Any CPU.ActiveCfg = Release|iPhone
		{1D52EB28-9FB6-4582-BEB8-1D6E0F059678}.Release|ARM.ActiveCfg = Release|iPhone
		{1D52EB28-9FB6-4582-BEB8-1D6E0F059678}.Release|iPhone.ActiveCfg = Release|iPhone
		{1D52EB28-9FB6-4582-BEB8-1D6E0F059678}.Release|iPhone.Build.0 = Release|iPhone
		{1D52EB28-9FB6-4582-BEB8-1D6E0F059678}.Release|iPhoneSimulator.ActiveCfg = Release|iPhoneSimulator
		{1D52EB28-9FB6-4582-BEB8-1D6E0F059678}.Release|iPhoneSimulator.Build.0 = Release|iPhoneSimulator
		{1D52EB28-9FB6-4582-BEB8-1D6E0F059678}.Release|x64.ActiveCfg = Release|iPhone
		{1D52EB28-9FB6-4582-BEB8-1D6E0F059678}.Release|x86.ActiveCfg = Release|iPhone
		{CF16EDE5-0E09-4621-B90A-04FF821AAC9F}.Ad-Hoc|Any CPU.ActiveCfg = Release|x64
		{CF16EDE5-0E09-4621-B90A-04FF821AAC9F}.Ad-Hoc|Any CPU.Build.0 = Release|x64
		{CF16EDE5-0E09-4621-B90A-04FF821AAC9F}.Ad-Hoc|Any CPU.Deploy.0 = Release|x64
		{CF16EDE5-0E09-4621-B90A-04FF821AAC9F}.Ad-Hoc|ARM.ActiveCfg = Release|ARM
		{CF16EDE5-0E09-4621-B90A-04FF821AAC9F}.Ad-Hoc|ARM.Build.0 = Release|ARM
		{CF16EDE5-0E09-4621-B90A-04FF821AAC9F}.Ad-Hoc|ARM.Deploy.0 = Release|ARM
		{CF16EDE5-0E09-4621-B90A-04FF821AAC9F}.Ad-Hoc|iPhone.ActiveCfg = Release|x64
		{CF16EDE5-0E09-4621-B90A-04FF821AAC9F}.Ad-Hoc|iPhone.Build.0 = Release|x64
		{CF16EDE5-0E09-4621-B90A-04FF821AAC9F}.Ad-Hoc|iPhone.Deploy.0 = Release|x64
		{CF16EDE5-0E09-4621-B90A-04FF821AAC9F}.Ad-Hoc|iPhoneSimulator.ActiveCfg = Release|x64
		{CF16EDE5-0E09-4621-B90A-04FF821AAC9F}.Ad-Hoc|iPhoneSimulator.Build.0 = Release|x64
		{CF16EDE5-0E09-4621-B90A-04FF821AAC9F}.Ad-Hoc|iPhoneSimulator.Deploy.0 = Release|x64
		{CF16EDE5-0E09-4621-B90A-04FF821AAC9F}.Ad-Hoc|x64.ActiveCfg = Release|x64
		{CF16EDE5-0E09-4621-B90A-04FF821AAC9F}.Ad-Hoc|x64.Build.0 = Release|x64
		{CF16EDE5-0E09-4621-B90A-04FF821AAC9F}.Ad-Hoc|x64.Deploy.0 = Release|x64
		{CF16EDE5-0E09-4621-B90A-04FF821AAC9F}.Ad-Hoc|x86.ActiveCfg = Release|x86
		{CF16EDE5-0E09-4621-B90A-04FF821AAC9F}.Ad-Hoc|x86.Build.0 = Release|x86
		{CF16EDE5-0E09-4621-B90A-04FF821AAC9F}.Ad-Hoc|x86.Deploy.0 = Release|x86
		{CF16EDE5-0E09-4621-B90A-04FF821AAC9F}.AppStore|Any CPU.ActiveCfg = Release|x64
		{CF16EDE5-0E09-4621-B90A-04FF821AAC9F}.AppStore|Any CPU.Build.0 = Release|x64
		{CF16EDE5-0E09-4621-B90A-04FF821AAC9F}.AppStore|Any CPU.Deploy.0 = Release|x64
		{CF16EDE5-0E09-4621-B90A-04FF821AAC9F}.AppStore|ARM.ActiveCfg = Release|ARM
		{CF16EDE5-0E09-4621-B90A-04FF821AAC9F}.AppStore|ARM.Build.0 = Release|ARM
		{CF16EDE5-0E09-4621-B90A-04FF821AAC9F}.AppStore|ARM.Deploy.0 = Release|ARM
		{CF16EDE5-0E09-4621-B90A-04FF821AAC9F}.AppStore|iPhone.ActiveCfg = Release|x64
		{CF16EDE5-0E09-4621-B90A-04FF821AAC9F}.AppStore|iPhone.Build.0 = Release|x64
		{CF16EDE5-0E09-4621-B90A-04FF821AAC9F}.AppStore|iPhone.Deploy.0 = Release|x64
		{CF16EDE5-0E09-4621-B90A-04FF821AAC9F}.AppStore|iPhoneSimulator.ActiveCfg = Release|x64
		{CF16EDE5-0E09-4621-B90A-04FF821AAC9F}.AppStore|iPhoneSimulator.Build.0 = Release|x64
		{CF16EDE5-0E09-4621-B90A-04FF821AAC9F}.AppStore|iPhoneSimulator.Deploy.0 = Release|x64
		{CF16EDE5-0E09-4621-B90A-04FF821AAC9F}.AppStore|x64.ActiveCfg = Release|x64
		{CF16EDE5-0E09-4621-B90A-04FF821AAC9F}.AppStore|x64.Build.0 = Release|x64
		{CF16EDE5-0E09-4621-B90A-04FF821AAC9F}.AppStore|x64.Deploy.0 = Release|x64
		{CF16EDE5-0E09-4621-B90A-04FF821AAC9F}.AppStore|x86.ActiveCfg = Release|x86
		{CF16EDE5-0E09-4621-B90A-04FF821AAC9F}.AppStore|x86.Build.0 = Release|x86
		{CF16EDE5-0E09-4621-B90A-04FF821AAC9F}.AppStore|x86.Deploy.0 = Release|x86
		{CF16EDE5-0E09-4621-B90A-04FF821AAC9F}.Debug|Any CPU.ActiveCfg = Debug|x86
		{CF16EDE5-0E09-4621-B90A-04FF821AAC9F}.Debug|ARM.ActiveCfg = Debug|ARM
		{CF16EDE5-0E09-4621-B90A-04FF821AAC9F}.Debug|ARM.Build.0 = Debug|ARM
		{CF16EDE5-0E09-4621-B90A-04FF821AAC9F}.Debug|ARM.Deploy.0 = Debug|ARM
		{CF16EDE5-0E09-4621-B90A-04FF821AAC9F}.Debug|iPhone.ActiveCfg = Debug|x86
		{CF16EDE5-0E09-4621-B90A-04FF821AAC9F}.Debug|iPhoneSimulator.ActiveCfg = Debug|x86
		{CF16EDE5-0E09-4621-B90A-04FF821AAC9F}.Debug|x64.ActiveCfg = Debug|x64
		{CF16EDE5-0E09-4621-B90A-04FF821AAC9F}.Debug|x64.Build.0 = Debug|x64
		{CF16EDE5-0E09-4621-B90A-04FF821AAC9F}.Debug|x64.Deploy.0 = Debug|x64
		{CF16EDE5-0E09-4621-B90A-04FF821AAC9F}.Debug|x86.ActiveCfg = Debug|x86
		{CF16EDE5-0E09-4621-B90A-04FF821AAC9F}.Debug|x86.Build.0 = Debug|x86
		{CF16EDE5-0E09-4621-B90A-04FF821AAC9F}.Debug|x86.Deploy.0 = Debug|x86
		{CF16EDE5-0E09-4621-B90A-04FF821AAC9F}.Release|Any CPU.ActiveCfg = Release|x86
		{CF16EDE5-0E09-4621-B90A-04FF821AAC9F}.Release|ARM.ActiveCfg = Release|ARM
		{CF16EDE5-0E09-4621-B90A-04FF821AAC9F}.Release|ARM.Build.0 = Release|ARM
		{CF16EDE5-0E09-4621-B90A-04FF821AAC9F}.Release|ARM.Deploy.0 = Release|ARM
		{CF16EDE5-0E09-4621-B90A-04FF821AAC9F}.Release|iPhone.ActiveCfg = Release|x86
		{CF16EDE5-0E09-4621-B90A-04FF821AAC9F}.Release|iPhoneSimulator.ActiveCfg = Release|x86
		{CF16EDE5-0E09-4621-B90A-04FF821AAC9F}.Release|x64.ActiveCfg = Release|x64
		{CF16EDE5-0E09-4621-B90A-04FF821AAC9F}.Release|x64.Build.0 = Release|x64
		{CF16EDE5-0E09-4621-B90A-04FF821AAC9F}.Release|x64.Deploy.0 = Release|x64
		{CF16EDE5-0E09-4621-B90A-04FF821AAC9F}.Release|x86.ActiveCfg = Release|x86
		{CF16EDE5-0E09-4621-B90A-04FF821AAC9F}.Release|x86.Build.0 = Release|x86
		{CF16EDE5-0E09-4621-B90A-04FF821AAC9F}.Release|x86.Deploy.0 = Release|x86
		{A40E8FF2-025A-4E95-8CA6-1BDABB9D4983}.Ad-Hoc|Any CPU.ActiveCfg = Debug|Any CPU
		{A40E8FF2-025A-4E95-8CA6-1BDABB9D4983}.Ad-Hoc|Any CPU.Build.0 = Debug|Any CPU
		{A40E8FF2-025A-4E95-8CA6-1BDABB9D4983}.Ad-Hoc|ARM.ActiveCfg = Debug|Any CPU
		{A40E8FF2-025A-4E95-8CA6-1BDABB9D4983}.Ad-Hoc|ARM.Build.0 = Debug|Any CPU
		{A40E8FF2-025A-4E95-8CA6-1BDABB9D4983}.Ad-Hoc|iPhone.ActiveCfg = Debug|Any CPU
		{A40E8FF2-025A-4E95-8CA6-1BDABB9D4983}.Ad-Hoc|iPhone.Build.0 = Debug|Any CPU
		{A40E8FF2-025A-4E95-8CA6-1BDABB9D4983}.Ad-Hoc|iPhoneSimulator.ActiveCfg = Debug|Any CPU
		{A40E8FF2-025A-4E95-8CA6-1BDABB9D4983}.Ad-Hoc|iPhoneSimulator.Build.0 = Debug|Any CPU
		{A40E8FF2-025A-4E95-8CA6-1BDABB9D4983}.Ad-Hoc|x64.ActiveCfg = Debug|Any CPU
		{A40E8FF2-025A-4E95-8CA6-1BDABB9D4983}.Ad-Hoc|x64.Build.0 = Debug|Any CPU
		{A40E8FF2-025A-4E95-8CA6-1BDABB9D4983}.Ad-Hoc|x86.ActiveCfg = Debug|Any CPU
		{A40E8FF2-025A-4E95-8CA6-1BDABB9D4983}.Ad-Hoc|x86.Build.0 = Debug|Any CPU
		{A40E8FF2-025A-4E95-8CA6-1BDABB9D4983}.AppStore|Any CPU.ActiveCfg = Debug|Any CPU
		{A40E8FF2-025A-4E95-8CA6-1BDABB9D4983}.AppStore|Any CPU.Build.0 = Debug|Any CPU
		{A40E8FF2-025A-4E95-8CA6-1BDABB9D4983}.AppStore|ARM.ActiveCfg = Debug|Any CPU
		{A40E8FF2-025A-4E95-8CA6-1BDABB9D4983}.AppStore|ARM.Build.0 = Debug|Any CPU
		{A40E8FF2-025A-4E95-8CA6-1BDABB9D4983}.AppStore|iPhone.ActiveCfg = Debug|Any CPU
		{A40E8FF2-025A-4E95-8CA6-1BDABB9D4983}.AppStore|iPhone.Build.0 = Debug|Any CPU
		{A40E8FF2-025A-4E95-8CA6-1BDABB9D4983}.AppStore|iPhoneSimulator.ActiveCfg = Debug|Any CPU
		{A40E8FF2-025A-4E95-8CA6-1BDABB9D4983}.AppStore|iPhoneSimulator.Build.0 = Debug|Any CPU
		{A40E8FF2-025A-4E95-8CA6-1BDABB9D4983}.AppStore|x64.ActiveCfg = Debug|Any CPU
		{A40E8FF2-025A-4E95-8CA6-1BDABB9D4983}.AppStore|x64.Build.0 = Debug|Any CPU
		{A40E8FF2-025A-4E95-8CA6-1BDABB9D4983}.AppStore|x86.ActiveCfg = Debug|Any CPU
		{A40E8FF2-025A-4E95-8CA6-1BDABB9D4983}.AppStore|x86.Build.0 = Debug|Any CPU
		{A40E8FF2-025A-4E95-8CA6-1BDABB9D4983}.Debug|Any CPU.ActiveCfg = Debug|Any CPU
		{A40E8FF2-025A-4E95-8CA6-1BDABB9D4983}.Debug|Any CPU.Build.0 = Debug|Any CPU
		{A40E8FF2-025A-4E95-8CA6-1BDABB9D4983}.Debug|ARM.ActiveCfg = Debug|Any CPU
		{A40E8FF2-025A-4E95-8CA6-1BDABB9D4983}.Debug|ARM.Build.0 = Debug|Any CPU
		{A40E8FF2-025A-4E95-8CA6-1BDABB9D4983}.Debug|iPhone.ActiveCfg = Debug|Any CPU
		{A40E8FF2-025A-4E95-8CA6-1BDABB9D4983}.Debug|iPhone.Build.0 = Debug|Any CPU
		{A40E8FF2-025A-4E95-8CA6-1BDABB9D4983}.Debug|iPhoneSimulator.ActiveCfg = Debug|Any CPU
		{A40E8FF2-025A-4E95-8CA6-1BDABB9D4983}.Debug|iPhoneSimulator.Build.0 = Debug|Any CPU
		{A40E8FF2-025A-4E95-8CA6-1BDABB9D4983}.Debug|x64.ActiveCfg = Debug|Any CPU
		{A40E8FF2-025A-4E95-8CA6-1BDABB9D4983}.Debug|x64.Build.0 = Debug|Any CPU
		{A40E8FF2-025A-4E95-8CA6-1BDABB9D4983}.Debug|x86.ActiveCfg = Debug|Any CPU
		{A40E8FF2-025A-4E95-8CA6-1BDABB9D4983}.Debug|x86.Build.0 = Debug|Any CPU
		{A40E8FF2-025A-4E95-8CA6-1BDABB9D4983}.Release|Any CPU.ActiveCfg = Release|Any CPU
		{A40E8FF2-025A-4E95-8CA6-1BDABB9D4983}.Release|Any CPU.Build.0 = Release|Any CPU
		{A40E8FF2-025A-4E95-8CA6-1BDABB9D4983}.Release|ARM.ActiveCfg = Release|Any CPU
		{A40E8FF2-025A-4E95-8CA6-1BDABB9D4983}.Release|ARM.Build.0 = Release|Any CPU
		{A40E8FF2-025A-4E95-8CA6-1BDABB9D4983}.Release|iPhone.ActiveCfg = Release|Any CPU
		{A40E8FF2-025A-4E95-8CA6-1BDABB9D4983}.Release|iPhone.Build.0 = Release|Any CPU
		{A40E8FF2-025A-4E95-8CA6-1BDABB9D4983}.Release|iPhoneSimulator.ActiveCfg = Release|Any CPU
		{A40E8FF2-025A-4E95-8CA6-1BDABB9D4983}.Release|iPhoneSimulator.Build.0 = Release|Any CPU
		{A40E8FF2-025A-4E95-8CA6-1BDABB9D4983}.Release|x64.ActiveCfg = Release|Any CPU
		{A40E8FF2-025A-4E95-8CA6-1BDABB9D4983}.Release|x64.Build.0 = Release|Any CPU
		{A40E8FF2-025A-4E95-8CA6-1BDABB9D4983}.Release|x86.ActiveCfg = Release|Any CPU
		{A40E8FF2-025A-4E95-8CA6-1BDABB9D4983}.Release|x86.Build.0 = Release|Any CPU
	EndGlobalSection
	GlobalSection(SolutionProperties) = preSolution
		HideSolutionNode = FALSE
	EndGlobalSection
	GlobalSection(ExtensibilityGlobals) = postSolution
		SolutionGuid = {00D5EDA6-09BD-4DF4-A2C5-962B13DE9060}
	EndGlobalSection
EndGlobal
