
Microsoft Visual Studio Solution File, Format Version 12.00
# Visual Studio Version 16
VisualStudioVersion = 16.0.30204.135
MinimumVisualStudioVersion = 10.0.40219.1
Project("{D954291E-2A0B-460D-934E-DC6B0785DB48}") = "Uno.PlayfulButton.Shared", "Uno.PlayfulButton.Shared\Uno.PlayfulButton.Shared.shproj", "{6279C845-92F8-4333-AB99-3D213163593C}"
EndProject
Project("{FAE04EC0-301F-11D3-BF4B-00C04F79EFBC}") = "Uno.PlayfulButton.Droid", "Uno.PlayfulButton.Droid\Uno.PlayfulButton.Droid.csproj", "{00F71BB4-9530-407A-8708-6FEB92C0C758}"
EndProject
Project("{FAE04EC0-301F-11D3-BF4B-00C04F79EFBC}") = "Uno.PlayfulButton.iOS", "Uno.PlayfulButton.iOS\Uno.PlayfulButton.iOS.csproj", "{B061710C-EA54-4D76-B999-B20805E97CD1}"
EndProject
Project("{FAE04EC0-301F-11D3-BF4B-00C04F79EFBC}") = "Uno.PlayfulButton.UWP", "Uno.PlayfulButton.UWP\Uno.PlayfulButton.UWP.csproj", "{F72A51FE-D6D0-46A0-9FC7-0782778D47C5}"
EndProject
Project("{FAE04EC0-301F-11D3-BF4B-00C04F79EFBC}") = "Uno.PlayfulButton.Wasm", "Uno.PlayfulButton.Wasm\Uno.PlayfulButton.Wasm.csproj", "{51E4B5EC-D5FE-4A6D-91E6-9B25C3B7D228}"
EndProject
Project("{FAE04EC0-301F-11D3-BF4B-00C04F79EFBC}") = "Uno.PlayfulButton.macOS", "Uno.PlayfulButton.macOS\Uno.PlayfulButton.macOS.csproj", "{233558A4-DAED-4C85-B6AE-CF3082AB7180}"
EndProject
Global
	GlobalSection(SharedMSBuildProjectFiles) = preSolution
		Uno.PlayfulButton.Shared\Uno.PlayfulButton.Shared.projitems*{00f71bb4-9530-407a-8708-6feb92c0c758}*SharedItemsImports = 4
		Uno.PlayfulButton.Shared\Uno.PlayfulButton.Shared.projitems*{233558a4-daed-4c85-b6ae-cf3082ab7180}*SharedItemsImports = 4
		Uno.PlayfulButton.Shared\Uno.PlayfulButton.Shared.projitems*{51e4b5ec-d5fe-4a6d-91e6-9b25c3b7d228}*SharedItemsImports = 5
		Uno.PlayfulButton.Shared\Uno.PlayfulButton.Shared.projitems*{6279c845-92f8-4333-ab99-3d213163593c}*SharedItemsImports = 13
		Uno.PlayfulButton.Shared\Uno.PlayfulButton.Shared.projitems*{b061710c-ea54-4d76-b999-b20805e97cd1}*SharedItemsImports = 4
		Uno.PlayfulButton.Shared\Uno.PlayfulButton.Shared.projitems*{f72a51fe-d6d0-46a0-9fc7-0782778d47c5}*SharedItemsImports = 4
	EndGlobalSection
	GlobalSection(SolutionConfigurationPlatforms) = preSolution
		Ad-Hoc|Any CPU = Ad-Hoc|Any CPU
		Ad-Hoc|ARM = Ad-Hoc|ARM
		Ad-Hoc|ARM64 = Ad-Hoc|ARM64
		Ad-Hoc|iPhone = Ad-Hoc|iPhone
		Ad-Hoc|iPhoneSimulator = Ad-Hoc|iPhoneSimulator
		Ad-Hoc|x64 = Ad-Hoc|x64
		Ad-Hoc|x86 = Ad-Hoc|x86
		AppStore|Any CPU = AppStore|Any CPU
		AppStore|ARM = AppStore|ARM
		AppStore|ARM64 = AppStore|ARM64
		AppStore|iPhone = AppStore|iPhone
		AppStore|iPhoneSimulator = AppStore|iPhoneSimulator
		AppStore|x64 = AppStore|x64
		AppStore|x86 = AppStore|x86
		Debug|Any CPU = Debug|Any CPU
		Debug|ARM = Debug|ARM
		Debug|ARM64 = Debug|ARM64
		Debug|iPhone = Debug|iPhone
		Debug|iPhoneSimulator = Debug|iPhoneSimulator
		Debug|x64 = Debug|x64
		Debug|x86 = Debug|x86
		Release|Any CPU = Release|Any CPU
		Release|ARM = Release|ARM
		Release|ARM64 = Release|ARM64
		Release|iPhone = Release|iPhone
		Release|iPhoneSimulator = Release|iPhoneSimulator
		Release|x64 = Release|x64
		Release|x86 = Release|x86
	EndGlobalSection
	GlobalSection(ProjectConfigurationPlatforms) = postSolution
		{00F71BB4-9530-407A-8708-6FEB92C0C758}.Ad-Hoc|Any CPU.ActiveCfg = Release|Any CPU
		{00F71BB4-9530-407A-8708-6FEB92C0C758}.Ad-Hoc|Any CPU.Build.0 = Release|Any CPU
		{00F71BB4-9530-407A-8708-6FEB92C0C758}.Ad-Hoc|Any CPU.Deploy.0 = Release|Any CPU
		{00F71BB4-9530-407A-8708-6FEB92C0C758}.Ad-Hoc|ARM.ActiveCfg = Release|Any CPU
		{00F71BB4-9530-407A-8708-6FEB92C0C758}.Ad-Hoc|ARM.Build.0 = Release|Any CPU
		{00F71BB4-9530-407A-8708-6FEB92C0C758}.Ad-Hoc|ARM.Deploy.0 = Release|Any CPU
		{00F71BB4-9530-407A-8708-6FEB92C0C758}.Ad-Hoc|ARM64.ActiveCfg = Release|Any CPU
		{00F71BB4-9530-407A-8708-6FEB92C0C758}.Ad-Hoc|ARM64.Build.0 = Release|Any CPU
		{00F71BB4-9530-407A-8708-6FEB92C0C758}.Ad-Hoc|ARM64.Deploy.0 = Release|Any CPU
		{00F71BB4-9530-407A-8708-6FEB92C0C758}.Ad-Hoc|iPhone.ActiveCfg = Release|Any CPU
		{00F71BB4-9530-407A-8708-6FEB92C0C758}.Ad-Hoc|iPhone.Build.0 = Release|Any CPU
		{00F71BB4-9530-407A-8708-6FEB92C0C758}.Ad-Hoc|iPhone.Deploy.0 = Release|Any CPU
		{00F71BB4-9530-407A-8708-6FEB92C0C758}.Ad-Hoc|iPhoneSimulator.ActiveCfg = Release|Any CPU
		{00F71BB4-9530-407A-8708-6FEB92C0C758}.Ad-Hoc|iPhoneSimulator.Build.0 = Release|Any CPU
		{00F71BB4-9530-407A-8708-6FEB92C0C758}.Ad-Hoc|iPhoneSimulator.Deploy.0 = Release|Any CPU
		{00F71BB4-9530-407A-8708-6FEB92C0C758}.Ad-Hoc|x64.ActiveCfg = Release|Any CPU
		{00F71BB4-9530-407A-8708-6FEB92C0C758}.Ad-Hoc|x64.Build.0 = Release|Any CPU
		{00F71BB4-9530-407A-8708-6FEB92C0C758}.Ad-Hoc|x64.Deploy.0 = Release|Any CPU
		{00F71BB4-9530-407A-8708-6FEB92C0C758}.Ad-Hoc|x86.ActiveCfg = Release|Any CPU
		{00F71BB4-9530-407A-8708-6FEB92C0C758}.Ad-Hoc|x86.Build.0 = Release|Any CPU
		{00F71BB4-9530-407A-8708-6FEB92C0C758}.Ad-Hoc|x86.Deploy.0 = Release|Any CPU
		{00F71BB4-9530-407A-8708-6FEB92C0C758}.AppStore|Any CPU.ActiveCfg = Release|Any CPU
		{00F71BB4-9530-407A-8708-6FEB92C0C758}.AppStore|Any CPU.Build.0 = Release|Any CPU
		{00F71BB4-9530-407A-8708-6FEB92C0C758}.AppStore|Any CPU.Deploy.0 = Release|Any CPU
		{00F71BB4-9530-407A-8708-6FEB92C0C758}.AppStore|ARM.ActiveCfg = Release|Any CPU
		{00F71BB4-9530-407A-8708-6FEB92C0C758}.AppStore|ARM.Build.0 = Release|Any CPU
		{00F71BB4-9530-407A-8708-6FEB92C0C758}.AppStore|ARM.Deploy.0 = Release|Any CPU
		{00F71BB4-9530-407A-8708-6FEB92C0C758}.AppStore|ARM64.ActiveCfg = Release|Any CPU
		{00F71BB4-9530-407A-8708-6FEB92C0C758}.AppStore|ARM64.Build.0 = Release|Any CPU
		{00F71BB4-9530-407A-8708-6FEB92C0C758}.AppStore|ARM64.Deploy.0 = Release|Any CPU
		{00F71BB4-9530-407A-8708-6FEB92C0C758}.AppStore|iPhone.ActiveCfg = Release|Any CPU
		{00F71BB4-9530-407A-8708-6FEB92C0C758}.AppStore|iPhone.Build.0 = Release|Any CPU
		{00F71BB4-9530-407A-8708-6FEB92C0C758}.AppStore|iPhone.Deploy.0 = Release|Any CPU
		{00F71BB4-9530-407A-8708-6FEB92C0C758}.AppStore|iPhoneSimulator.ActiveCfg = Release|Any CPU
		{00F71BB4-9530-407A-8708-6FEB92C0C758}.AppStore|iPhoneSimulator.Build.0 = Release|Any CPU
		{00F71BB4-9530-407A-8708-6FEB92C0C758}.AppStore|iPhoneSimulator.Deploy.0 = Release|Any CPU
		{00F71BB4-9530-407A-8708-6FEB92C0C758}.AppStore|x64.ActiveCfg = Release|Any CPU
		{00F71BB4-9530-407A-8708-6FEB92C0C758}.AppStore|x64.Build.0 = Release|Any CPU
		{00F71BB4-9530-407A-8708-6FEB92C0C758}.AppStore|x64.Deploy.0 = Release|Any CPU
		{00F71BB4-9530-407A-8708-6FEB92C0C758}.AppStore|x86.ActiveCfg = Release|Any CPU
		{00F71BB4-9530-407A-8708-6FEB92C0C758}.AppStore|x86.Build.0 = Release|Any CPU
		{00F71BB4-9530-407A-8708-6FEB92C0C758}.AppStore|x86.Deploy.0 = Release|Any CPU
		{00F71BB4-9530-407A-8708-6FEB92C0C758}.Debug|Any CPU.ActiveCfg = Debug|Any CPU
		{00F71BB4-9530-407A-8708-6FEB92C0C758}.Debug|Any CPU.Build.0 = Debug|Any CPU
		{00F71BB4-9530-407A-8708-6FEB92C0C758}.Debug|Any CPU.Deploy.0 = Debug|Any CPU
		{00F71BB4-9530-407A-8708-6FEB92C0C758}.Debug|ARM.ActiveCfg = Debug|Any CPU
		{00F71BB4-9530-407A-8708-6FEB92C0C758}.Debug|ARM.Build.0 = Debug|Any CPU
		{00F71BB4-9530-407A-8708-6FEB92C0C758}.Debug|ARM.Deploy.0 = Debug|Any CPU
		{00F71BB4-9530-407A-8708-6FEB92C0C758}.Debug|ARM64.ActiveCfg = Debug|Any CPU
		{00F71BB4-9530-407A-8708-6FEB92C0C758}.Debug|ARM64.Build.0 = Debug|Any CPU
		{00F71BB4-9530-407A-8708-6FEB92C0C758}.Debug|ARM64.Deploy.0 = Debug|Any CPU
		{00F71BB4-9530-407A-8708-6FEB92C0C758}.Debug|iPhone.ActiveCfg = Debug|Any CPU
		{00F71BB4-9530-407A-8708-6FEB92C0C758}.Debug|iPhone.Build.0 = Debug|Any CPU
		{00F71BB4-9530-407A-8708-6FEB92C0C758}.Debug|iPhone.Deploy.0 = Debug|Any CPU
		{00F71BB4-9530-407A-8708-6FEB92C0C758}.Debug|iPhoneSimulator.ActiveCfg = Debug|Any CPU
		{00F71BB4-9530-407A-8708-6FEB92C0C758}.Debug|iPhoneSimulator.Build.0 = Debug|Any CPU
		{00F71BB4-9530-407A-8708-6FEB92C0C758}.Debug|iPhoneSimulator.Deploy.0 = Debug|Any CPU
		{00F71BB4-9530-407A-8708-6FEB92C0C758}.Debug|x64.ActiveCfg = Debug|Any CPU
		{00F71BB4-9530-407A-8708-6FEB92C0C758}.Debug|x64.Build.0 = Debug|Any CPU
		{00F71BB4-9530-407A-8708-6FEB92C0C758}.Debug|x64.Deploy.0 = Debug|Any CPU
		{00F71BB4-9530-407A-8708-6FEB92C0C758}.Debug|x86.ActiveCfg = Debug|Any CPU
		{00F71BB4-9530-407A-8708-6FEB92C0C758}.Debug|x86.Build.0 = Debug|Any CPU
		{00F71BB4-9530-407A-8708-6FEB92C0C758}.Debug|x86.Deploy.0 = Debug|Any CPU
		{00F71BB4-9530-407A-8708-6FEB92C0C758}.Release|Any CPU.ActiveCfg = Release|Any CPU
		{00F71BB4-9530-407A-8708-6FEB92C0C758}.Release|Any CPU.Build.0 = Release|Any CPU
		{00F71BB4-9530-407A-8708-6FEB92C0C758}.Release|Any CPU.Deploy.0 = Release|Any CPU
		{00F71BB4-9530-407A-8708-6FEB92C0C758}.Release|ARM.ActiveCfg = Release|Any CPU
		{00F71BB4-9530-407A-8708-6FEB92C0C758}.Release|ARM.Build.0 = Release|Any CPU
		{00F71BB4-9530-407A-8708-6FEB92C0C758}.Release|ARM.Deploy.0 = Release|Any CPU
		{00F71BB4-9530-407A-8708-6FEB92C0C758}.Release|ARM64.ActiveCfg = Release|Any CPU
		{00F71BB4-9530-407A-8708-6FEB92C0C758}.Release|ARM64.Build.0 = Release|Any CPU
		{00F71BB4-9530-407A-8708-6FEB92C0C758}.Release|ARM64.Deploy.0 = Release|Any CPU
		{00F71BB4-9530-407A-8708-6FEB92C0C758}.Release|iPhone.ActiveCfg = Release|Any CPU
		{00F71BB4-9530-407A-8708-6FEB92C0C758}.Release|iPhone.Build.0 = Release|Any CPU
		{00F71BB4-9530-407A-8708-6FEB92C0C758}.Release|iPhone.Deploy.0 = Release|Any CPU
		{00F71BB4-9530-407A-8708-6FEB92C0C758}.Release|iPhoneSimulator.ActiveCfg = Release|Any CPU
		{00F71BB4-9530-407A-8708-6FEB92C0C758}.Release|iPhoneSimulator.Build.0 = Release|Any CPU
		{00F71BB4-9530-407A-8708-6FEB92C0C758}.Release|iPhoneSimulator.Deploy.0 = Release|Any CPU
		{00F71BB4-9530-407A-8708-6FEB92C0C758}.Release|x64.ActiveCfg = Release|Any CPU
		{00F71BB4-9530-407A-8708-6FEB92C0C758}.Release|x64.Build.0 = Release|Any CPU
		{00F71BB4-9530-407A-8708-6FEB92C0C758}.Release|x64.Deploy.0 = Release|Any CPU
		{00F71BB4-9530-407A-8708-6FEB92C0C758}.Release|x86.ActiveCfg = Release|Any CPU
		{00F71BB4-9530-407A-8708-6FEB92C0C758}.Release|x86.Build.0 = Release|Any CPU
		{00F71BB4-9530-407A-8708-6FEB92C0C758}.Release|x86.Deploy.0 = Release|Any CPU
		{B061710C-EA54-4D76-B999-B20805E97CD1}.Ad-Hoc|Any CPU.ActiveCfg = Ad-Hoc|iPhone
		{B061710C-EA54-4D76-B999-B20805E97CD1}.Ad-Hoc|ARM.ActiveCfg = Ad-Hoc|iPhone
		{B061710C-EA54-4D76-B999-B20805E97CD1}.Ad-Hoc|ARM64.ActiveCfg = Ad-Hoc|iPhone
		{B061710C-EA54-4D76-B999-B20805E97CD1}.Ad-Hoc|iPhone.ActiveCfg = Ad-Hoc|iPhone
		{B061710C-EA54-4D76-B999-B20805E97CD1}.Ad-Hoc|iPhone.Build.0 = Ad-Hoc|iPhone
		{B061710C-EA54-4D76-B999-B20805E97CD1}.Ad-Hoc|iPhoneSimulator.ActiveCfg = Ad-Hoc|iPhoneSimulator
		{B061710C-EA54-4D76-B999-B20805E97CD1}.Ad-Hoc|iPhoneSimulator.Build.0 = Ad-Hoc|iPhoneSimulator
		{B061710C-EA54-4D76-B999-B20805E97CD1}.Ad-Hoc|x64.ActiveCfg = Ad-Hoc|iPhone
		{B061710C-EA54-4D76-B999-B20805E97CD1}.Ad-Hoc|x86.ActiveCfg = Ad-Hoc|iPhone
		{B061710C-EA54-4D76-B999-B20805E97CD1}.AppStore|Any CPU.ActiveCfg = AppStore|iPhone
		{B061710C-EA54-4D76-B999-B20805E97CD1}.AppStore|ARM.ActiveCfg = AppStore|iPhone
		{B061710C-EA54-4D76-B999-B20805E97CD1}.AppStore|ARM64.ActiveCfg = AppStore|iPhone
		{B061710C-EA54-4D76-B999-B20805E97CD1}.AppStore|iPhone.ActiveCfg = AppStore|iPhone
		{B061710C-EA54-4D76-B999-B20805E97CD1}.AppStore|iPhone.Build.0 = AppStore|iPhone
		{B061710C-EA54-4D76-B999-B20805E97CD1}.AppStore|iPhoneSimulator.ActiveCfg = AppStore|iPhoneSimulator
		{B061710C-EA54-4D76-B999-B20805E97CD1}.AppStore|iPhoneSimulator.Build.0 = AppStore|iPhoneSimulator
		{B061710C-EA54-4D76-B999-B20805E97CD1}.AppStore|x64.ActiveCfg = AppStore|iPhone
		{B061710C-EA54-4D76-B999-B20805E97CD1}.AppStore|x86.ActiveCfg = AppStore|iPhone
		{B061710C-EA54-4D76-B999-B20805E97CD1}.Debug|Any CPU.ActiveCfg = Debug|iPhone
		{B061710C-EA54-4D76-B999-B20805E97CD1}.Debug|ARM.ActiveCfg = Debug|iPhone
		{B061710C-EA54-4D76-B999-B20805E97CD1}.Debug|ARM64.ActiveCfg = Debug|iPhone
		{B061710C-EA54-4D76-B999-B20805E97CD1}.Debug|iPhone.ActiveCfg = Debug|iPhone
		{B061710C-EA54-4D76-B999-B20805E97CD1}.Debug|iPhone.Build.0 = Debug|iPhone
		{B061710C-EA54-4D76-B999-B20805E97CD1}.Debug|iPhoneSimulator.ActiveCfg = Debug|iPhoneSimulator
		{B061710C-EA54-4D76-B999-B20805E97CD1}.Debug|iPhoneSimulator.Build.0 = Debug|iPhoneSimulator
		{B061710C-EA54-4D76-B999-B20805E97CD1}.Debug|x64.ActiveCfg = Debug|iPhone
		{B061710C-EA54-4D76-B999-B20805E97CD1}.Debug|x86.ActiveCfg = Debug|iPhone
		{B061710C-EA54-4D76-B999-B20805E97CD1}.Release|Any CPU.ActiveCfg = Release|iPhone
		{B061710C-EA54-4D76-B999-B20805E97CD1}.Release|ARM.ActiveCfg = Release|iPhone
		{B061710C-EA54-4D76-B999-B20805E97CD1}.Release|ARM64.ActiveCfg = Release|iPhone
		{B061710C-EA54-4D76-B999-B20805E97CD1}.Release|iPhone.ActiveCfg = Release|iPhone
		{B061710C-EA54-4D76-B999-B20805E97CD1}.Release|iPhone.Build.0 = Release|iPhone
		{B061710C-EA54-4D76-B999-B20805E97CD1}.Release|iPhoneSimulator.ActiveCfg = Release|iPhoneSimulator
		{B061710C-EA54-4D76-B999-B20805E97CD1}.Release|iPhoneSimulator.Build.0 = Release|iPhoneSimulator
		{B061710C-EA54-4D76-B999-B20805E97CD1}.Release|x64.ActiveCfg = Release|iPhone
		{B061710C-EA54-4D76-B999-B20805E97CD1}.Release|x86.ActiveCfg = Release|iPhone
		{F72A51FE-D6D0-46A0-9FC7-0782778D47C5}.Ad-Hoc|Any CPU.ActiveCfg = Release|x64
		{F72A51FE-D6D0-46A0-9FC7-0782778D47C5}.Ad-Hoc|Any CPU.Build.0 = Release|x64
		{F72A51FE-D6D0-46A0-9FC7-0782778D47C5}.Ad-Hoc|Any CPU.Deploy.0 = Release|x64
		{F72A51FE-D6D0-46A0-9FC7-0782778D47C5}.Ad-Hoc|ARM.ActiveCfg = Release|ARM
		{F72A51FE-D6D0-46A0-9FC7-0782778D47C5}.Ad-Hoc|ARM.Build.0 = Release|ARM
		{F72A51FE-D6D0-46A0-9FC7-0782778D47C5}.Ad-Hoc|ARM.Deploy.0 = Release|ARM
		{F72A51FE-D6D0-46A0-9FC7-0782778D47C5}.Ad-Hoc|ARM64.ActiveCfg = Release|ARM64
		{F72A51FE-D6D0-46A0-9FC7-0782778D47C5}.Ad-Hoc|ARM64.Build.0 = Release|ARM64
		{F72A51FE-D6D0-46A0-9FC7-0782778D47C5}.Ad-Hoc|ARM64.Deploy.0 = Release|ARM64
		{F72A51FE-D6D0-46A0-9FC7-0782778D47C5}.Ad-Hoc|iPhone.ActiveCfg = Release|x64
		{F72A51FE-D6D0-46A0-9FC7-0782778D47C5}.Ad-Hoc|iPhone.Build.0 = Release|x64
		{F72A51FE-D6D0-46A0-9FC7-0782778D47C5}.Ad-Hoc|iPhone.Deploy.0 = Release|x64
		{F72A51FE-D6D0-46A0-9FC7-0782778D47C5}.Ad-Hoc|iPhoneSimulator.ActiveCfg = Release|x64
		{F72A51FE-D6D0-46A0-9FC7-0782778D47C5}.Ad-Hoc|iPhoneSimulator.Build.0 = Release|x64
		{F72A51FE-D6D0-46A0-9FC7-0782778D47C5}.Ad-Hoc|iPhoneSimulator.Deploy.0 = Release|x64
		{F72A51FE-D6D0-46A0-9FC7-0782778D47C5}.Ad-Hoc|x64.ActiveCfg = Release|x64
		{F72A51FE-D6D0-46A0-9FC7-0782778D47C5}.Ad-Hoc|x64.Build.0 = Release|x64
		{F72A51FE-D6D0-46A0-9FC7-0782778D47C5}.Ad-Hoc|x64.Deploy.0 = Release|x64
		{F72A51FE-D6D0-46A0-9FC7-0782778D47C5}.Ad-Hoc|x86.ActiveCfg = Release|x86
		{F72A51FE-D6D0-46A0-9FC7-0782778D47C5}.Ad-Hoc|x86.Build.0 = Release|x86
		{F72A51FE-D6D0-46A0-9FC7-0782778D47C5}.Ad-Hoc|x86.Deploy.0 = Release|x86
		{F72A51FE-D6D0-46A0-9FC7-0782778D47C5}.AppStore|Any CPU.ActiveCfg = Release|x64
		{F72A51FE-D6D0-46A0-9FC7-0782778D47C5}.AppStore|Any CPU.Build.0 = Release|x64
		{F72A51FE-D6D0-46A0-9FC7-0782778D47C5}.AppStore|Any CPU.Deploy.0 = Release|x64
		{F72A51FE-D6D0-46A0-9FC7-0782778D47C5}.AppStore|ARM.ActiveCfg = Release|ARM
		{F72A51FE-D6D0-46A0-9FC7-0782778D47C5}.AppStore|ARM.Build.0 = Release|ARM
		{F72A51FE-D6D0-46A0-9FC7-0782778D47C5}.AppStore|ARM.Deploy.0 = Release|ARM
		{F72A51FE-D6D0-46A0-9FC7-0782778D47C5}.AppStore|ARM64.ActiveCfg = Release|ARM64
		{F72A51FE-D6D0-46A0-9FC7-0782778D47C5}.AppStore|ARM64.Build.0 = Release|ARM64
		{F72A51FE-D6D0-46A0-9FC7-0782778D47C5}.AppStore|ARM64.Deploy.0 = Release|ARM64
		{F72A51FE-D6D0-46A0-9FC7-0782778D47C5}.AppStore|iPhone.ActiveCfg = Release|x64
		{F72A51FE-D6D0-46A0-9FC7-0782778D47C5}.AppStore|iPhone.Build.0 = Release|x64
		{F72A51FE-D6D0-46A0-9FC7-0782778D47C5}.AppStore|iPhone.Deploy.0 = Release|x64
		{F72A51FE-D6D0-46A0-9FC7-0782778D47C5}.AppStore|iPhoneSimulator.ActiveCfg = Release|x64
		{F72A51FE-D6D0-46A0-9FC7-0782778D47C5}.AppStore|iPhoneSimulator.Build.0 = Release|x64
		{F72A51FE-D6D0-46A0-9FC7-0782778D47C5}.AppStore|iPhoneSimulator.Deploy.0 = Release|x64
		{F72A51FE-D6D0-46A0-9FC7-0782778D47C5}.AppStore|x64.ActiveCfg = Release|x64
		{F72A51FE-D6D0-46A0-9FC7-0782778D47C5}.AppStore|x64.Build.0 = Release|x64
		{F72A51FE-D6D0-46A0-9FC7-0782778D47C5}.AppStore|x64.Deploy.0 = Release|x64
		{F72A51FE-D6D0-46A0-9FC7-0782778D47C5}.AppStore|x86.ActiveCfg = Release|x86
		{F72A51FE-D6D0-46A0-9FC7-0782778D47C5}.AppStore|x86.Build.0 = Release|x86
		{F72A51FE-D6D0-46A0-9FC7-0782778D47C5}.AppStore|x86.Deploy.0 = Release|x86
		{F72A51FE-D6D0-46A0-9FC7-0782778D47C5}.Debug|Any CPU.ActiveCfg = Debug|x86
		{F72A51FE-D6D0-46A0-9FC7-0782778D47C5}.Debug|ARM.ActiveCfg = Debug|ARM
		{F72A51FE-D6D0-46A0-9FC7-0782778D47C5}.Debug|ARM.Build.0 = Debug|ARM
		{F72A51FE-D6D0-46A0-9FC7-0782778D47C5}.Debug|ARM.Deploy.0 = Debug|ARM
		{F72A51FE-D6D0-46A0-9FC7-0782778D47C5}.Debug|ARM64.ActiveCfg = Debug|ARM64
		{F72A51FE-D6D0-46A0-9FC7-0782778D47C5}.Debug|ARM64.Build.0 = Debug|ARM64
		{F72A51FE-D6D0-46A0-9FC7-0782778D47C5}.Debug|ARM64.Deploy.0 = Debug|ARM64
		{F72A51FE-D6D0-46A0-9FC7-0782778D47C5}.Debug|iPhone.ActiveCfg = Debug|x86
		{F72A51FE-D6D0-46A0-9FC7-0782778D47C5}.Debug|iPhoneSimulator.ActiveCfg = Debug|x86
		{F72A51FE-D6D0-46A0-9FC7-0782778D47C5}.Debug|x64.ActiveCfg = Debug|x64
		{F72A51FE-D6D0-46A0-9FC7-0782778D47C5}.Debug|x64.Build.0 = Debug|x64
		{F72A51FE-D6D0-46A0-9FC7-0782778D47C5}.Debug|x64.Deploy.0 = Debug|x64
		{F72A51FE-D6D0-46A0-9FC7-0782778D47C5}.Debug|x86.ActiveCfg = Debug|x86
		{F72A51FE-D6D0-46A0-9FC7-0782778D47C5}.Debug|x86.Build.0 = Debug|x86
		{F72A51FE-D6D0-46A0-9FC7-0782778D47C5}.Debug|x86.Deploy.0 = Debug|x86
		{F72A51FE-D6D0-46A0-9FC7-0782778D47C5}.Release|Any CPU.ActiveCfg = Release|x86
		{F72A51FE-D6D0-46A0-9FC7-0782778D47C5}.Release|ARM.ActiveCfg = Release|ARM
		{F72A51FE-D6D0-46A0-9FC7-0782778D47C5}.Release|ARM.Build.0 = Release|ARM
		{F72A51FE-D6D0-46A0-9FC7-0782778D47C5}.Release|ARM.Deploy.0 = Release|ARM
		{F72A51FE-D6D0-46A0-9FC7-0782778D47C5}.Release|ARM64.ActiveCfg = Release|ARM64
		{F72A51FE-D6D0-46A0-9FC7-0782778D47C5}.Release|ARM64.Build.0 = Release|ARM64
		{F72A51FE-D6D0-46A0-9FC7-0782778D47C5}.Release|ARM64.Deploy.0 = Release|ARM64
		{F72A51FE-D6D0-46A0-9FC7-0782778D47C5}.Release|iPhone.ActiveCfg = Release|x86
		{F72A51FE-D6D0-46A0-9FC7-0782778D47C5}.Release|iPhoneSimulator.ActiveCfg = Release|x86
		{F72A51FE-D6D0-46A0-9FC7-0782778D47C5}.Release|x64.ActiveCfg = Release|x64
		{F72A51FE-D6D0-46A0-9FC7-0782778D47C5}.Release|x64.Build.0 = Release|x64
		{F72A51FE-D6D0-46A0-9FC7-0782778D47C5}.Release|x64.Deploy.0 = Release|x64
		{F72A51FE-D6D0-46A0-9FC7-0782778D47C5}.Release|x86.ActiveCfg = Release|x86
		{F72A51FE-D6D0-46A0-9FC7-0782778D47C5}.Release|x86.Build.0 = Release|x86
		{F72A51FE-D6D0-46A0-9FC7-0782778D47C5}.Release|x86.Deploy.0 = Release|x86
		{51E4B5EC-D5FE-4A6D-91E6-9B25C3B7D228}.Ad-Hoc|Any CPU.ActiveCfg = Debug|Any CPU
		{51E4B5EC-D5FE-4A6D-91E6-9B25C3B7D228}.Ad-Hoc|Any CPU.Build.0 = Debug|Any CPU
		{51E4B5EC-D5FE-4A6D-91E6-9B25C3B7D228}.Ad-Hoc|ARM.ActiveCfg = Debug|Any CPU
		{51E4B5EC-D5FE-4A6D-91E6-9B25C3B7D228}.Ad-Hoc|ARM.Build.0 = Debug|Any CPU
		{51E4B5EC-D5FE-4A6D-91E6-9B25C3B7D228}.Ad-Hoc|ARM64.ActiveCfg = Debug|Any CPU
		{51E4B5EC-D5FE-4A6D-91E6-9B25C3B7D228}.Ad-Hoc|ARM64.Build.0 = Debug|Any CPU
		{51E4B5EC-D5FE-4A6D-91E6-9B25C3B7D228}.Ad-Hoc|iPhone.ActiveCfg = Debug|Any CPU
		{51E4B5EC-D5FE-4A6D-91E6-9B25C3B7D228}.Ad-Hoc|iPhone.Build.0 = Debug|Any CPU
		{51E4B5EC-D5FE-4A6D-91E6-9B25C3B7D228}.Ad-Hoc|iPhoneSimulator.ActiveCfg = Debug|Any CPU
		{51E4B5EC-D5FE-4A6D-91E6-9B25C3B7D228}.Ad-Hoc|iPhoneSimulator.Build.0 = Debug|Any CPU
		{51E4B5EC-D5FE-4A6D-91E6-9B25C3B7D228}.Ad-Hoc|x64.ActiveCfg = Debug|Any CPU
		{51E4B5EC-D5FE-4A6D-91E6-9B25C3B7D228}.Ad-Hoc|x64.Build.0 = Debug|Any CPU
		{51E4B5EC-D5FE-4A6D-91E6-9B25C3B7D228}.Ad-Hoc|x86.ActiveCfg = Debug|Any CPU
		{51E4B5EC-D5FE-4A6D-91E6-9B25C3B7D228}.Ad-Hoc|x86.Build.0 = Debug|Any CPU
		{51E4B5EC-D5FE-4A6D-91E6-9B25C3B7D228}.AppStore|Any CPU.ActiveCfg = Debug|Any CPU
		{51E4B5EC-D5FE-4A6D-91E6-9B25C3B7D228}.AppStore|Any CPU.Build.0 = Debug|Any CPU
		{51E4B5EC-D5FE-4A6D-91E6-9B25C3B7D228}.AppStore|ARM.ActiveCfg = Debug|Any CPU
		{51E4B5EC-D5FE-4A6D-91E6-9B25C3B7D228}.AppStore|ARM.Build.0 = Debug|Any CPU
		{51E4B5EC-D5FE-4A6D-91E6-9B25C3B7D228}.AppStore|ARM64.ActiveCfg = Debug|Any CPU
		{51E4B5EC-D5FE-4A6D-91E6-9B25C3B7D228}.AppStore|ARM64.Build.0 = Debug|Any CPU
		{51E4B5EC-D5FE-4A6D-91E6-9B25C3B7D228}.AppStore|iPhone.ActiveCfg = Debug|Any CPU
		{51E4B5EC-D5FE-4A6D-91E6-9B25C3B7D228}.AppStore|iPhone.Build.0 = Debug|Any CPU
		{51E4B5EC-D5FE-4A6D-91E6-9B25C3B7D228}.AppStore|iPhoneSimulator.ActiveCfg = Debug|Any CPU
		{51E4B5EC-D5FE-4A6D-91E6-9B25C3B7D228}.AppStore|iPhoneSimulator.Build.0 = Debug|Any CPU
		{51E4B5EC-D5FE-4A6D-91E6-9B25C3B7D228}.AppStore|x64.ActiveCfg = Debug|Any CPU
		{51E4B5EC-D5FE-4A6D-91E6-9B25C3B7D228}.AppStore|x64.Build.0 = Debug|Any CPU
		{51E4B5EC-D5FE-4A6D-91E6-9B25C3B7D228}.AppStore|x86.ActiveCfg = Debug|Any CPU
		{51E4B5EC-D5FE-4A6D-91E6-9B25C3B7D228}.AppStore|x86.Build.0 = Debug|Any CPU
		{51E4B5EC-D5FE-4A6D-91E6-9B25C3B7D228}.Debug|Any CPU.ActiveCfg = Debug|Any CPU
		{51E4B5EC-D5FE-4A6D-91E6-9B25C3B7D228}.Debug|Any CPU.Build.0 = Debug|Any CPU
		{51E4B5EC-D5FE-4A6D-91E6-9B25C3B7D228}.Debug|ARM.ActiveCfg = Debug|Any CPU
		{51E4B5EC-D5FE-4A6D-91E6-9B25C3B7D228}.Debug|ARM.Build.0 = Debug|Any CPU
		{51E4B5EC-D5FE-4A6D-91E6-9B25C3B7D228}.Debug|ARM64.ActiveCfg = Debug|Any CPU
		{51E4B5EC-D5FE-4A6D-91E6-9B25C3B7D228}.Debug|ARM64.Build.0 = Debug|Any CPU
		{51E4B5EC-D5FE-4A6D-91E6-9B25C3B7D228}.Debug|iPhone.ActiveCfg = Debug|Any CPU
		{51E4B5EC-D5FE-4A6D-91E6-9B25C3B7D228}.Debug|iPhone.Build.0 = Debug|Any CPU
		{51E4B5EC-D5FE-4A6D-91E6-9B25C3B7D228}.Debug|iPhoneSimulator.ActiveCfg = Debug|Any CPU
		{51E4B5EC-D5FE-4A6D-91E6-9B25C3B7D228}.Debug|iPhoneSimulator.Build.0 = Debug|Any CPU
		{51E4B5EC-D5FE-4A6D-91E6-9B25C3B7D228}.Debug|x64.ActiveCfg = Debug|Any CPU
		{51E4B5EC-D5FE-4A6D-91E6-9B25C3B7D228}.Debug|x64.Build.0 = Debug|Any CPU
		{51E4B5EC-D5FE-4A6D-91E6-9B25C3B7D228}.Debug|x86.ActiveCfg = Debug|Any CPU
		{51E4B5EC-D5FE-4A6D-91E6-9B25C3B7D228}.Debug|x86.Build.0 = Debug|Any CPU
		{51E4B5EC-D5FE-4A6D-91E6-9B25C3B7D228}.Release|Any CPU.ActiveCfg = Release|Any CPU
		{51E4B5EC-D5FE-4A6D-91E6-9B25C3B7D228}.Release|Any CPU.Build.0 = Release|Any CPU
		{51E4B5EC-D5FE-4A6D-91E6-9B25C3B7D228}.Release|ARM.ActiveCfg = Release|Any CPU
		{51E4B5EC-D5FE-4A6D-91E6-9B25C3B7D228}.Release|ARM.Build.0 = Release|Any CPU
		{51E4B5EC-D5FE-4A6D-91E6-9B25C3B7D228}.Release|ARM64.ActiveCfg = Release|Any CPU
		{51E4B5EC-D5FE-4A6D-91E6-9B25C3B7D228}.Release|ARM64.Build.0 = Release|Any CPU
		{51E4B5EC-D5FE-4A6D-91E6-9B25C3B7D228}.Release|iPhone.ActiveCfg = Release|Any CPU
		{51E4B5EC-D5FE-4A6D-91E6-9B25C3B7D228}.Release|iPhone.Build.0 = Release|Any CPU
		{51E4B5EC-D5FE-4A6D-91E6-9B25C3B7D228}.Release|iPhoneSimulator.ActiveCfg = Release|Any CPU
		{51E4B5EC-D5FE-4A6D-91E6-9B25C3B7D228}.Release|iPhoneSimulator.Build.0 = Release|Any CPU
		{51E4B5EC-D5FE-4A6D-91E6-9B25C3B7D228}.Release|x64.ActiveCfg = Release|Any CPU
		{51E4B5EC-D5FE-4A6D-91E6-9B25C3B7D228}.Release|x64.Build.0 = Release|Any CPU
		{51E4B5EC-D5FE-4A6D-91E6-9B25C3B7D228}.Release|x86.ActiveCfg = Release|Any CPU
		{51E4B5EC-D5FE-4A6D-91E6-9B25C3B7D228}.Release|x86.Build.0 = Release|Any CPU
		{233558A4-DAED-4C85-B6AE-CF3082AB7180}.Ad-Hoc|Any CPU.ActiveCfg = Release|iPhoneSimulator
		{233558A4-DAED-4C85-B6AE-CF3082AB7180}.Ad-Hoc|Any CPU.Build.0 = Release|iPhoneSimulator
		{233558A4-DAED-4C85-B6AE-CF3082AB7180}.Ad-Hoc|ARM.ActiveCfg = Release|iPhoneSimulator
		{233558A4-DAED-4C85-B6AE-CF3082AB7180}.Ad-Hoc|ARM.Build.0 = Release|iPhoneSimulator
		{233558A4-DAED-4C85-B6AE-CF3082AB7180}.Ad-Hoc|ARM64.ActiveCfg = Release|iPhoneSimulator
		{233558A4-DAED-4C85-B6AE-CF3082AB7180}.Ad-Hoc|ARM64.Build.0 = Release|iPhoneSimulator
		{233558A4-DAED-4C85-B6AE-CF3082AB7180}.Ad-Hoc|iPhone.ActiveCfg = Release|iPhoneSimulator
		{233558A4-DAED-4C85-B6AE-CF3082AB7180}.Ad-Hoc|iPhone.Build.0 = Release|iPhoneSimulator
		{233558A4-DAED-4C85-B6AE-CF3082AB7180}.Ad-Hoc|iPhoneSimulator.ActiveCfg = Release|iPhoneSimulator
		{233558A4-DAED-4C85-B6AE-CF3082AB7180}.Ad-Hoc|iPhoneSimulator.Build.0 = Release|iPhoneSimulator
		{233558A4-DAED-4C85-B6AE-CF3082AB7180}.Ad-Hoc|x64.ActiveCfg = Release|iPhoneSimulator
		{233558A4-DAED-4C85-B6AE-CF3082AB7180}.Ad-Hoc|x64.Build.0 = Release|iPhoneSimulator
		{233558A4-DAED-4C85-B6AE-CF3082AB7180}.Ad-Hoc|x86.ActiveCfg = Release|iPhoneSimulator
		{233558A4-DAED-4C85-B6AE-CF3082AB7180}.Ad-Hoc|x86.Build.0 = Release|iPhoneSimulator
		{233558A4-DAED-4C85-B6AE-CF3082AB7180}.AppStore|Any CPU.ActiveCfg = Release|iPhoneSimulator
		{233558A4-DAED-4C85-B6AE-CF3082AB7180}.AppStore|Any CPU.Build.0 = Release|iPhoneSimulator
		{233558A4-DAED-4C85-B6AE-CF3082AB7180}.AppStore|ARM.ActiveCfg = Release|iPhoneSimulator
		{233558A4-DAED-4C85-B6AE-CF3082AB7180}.AppStore|ARM.Build.0 = Release|iPhoneSimulator
		{233558A4-DAED-4C85-B6AE-CF3082AB7180}.AppStore|ARM64.ActiveCfg = Release|iPhoneSimulator
		{233558A4-DAED-4C85-B6AE-CF3082AB7180}.AppStore|ARM64.Build.0 = Release|iPhoneSimulator
		{233558A4-DAED-4C85-B6AE-CF3082AB7180}.AppStore|iPhone.ActiveCfg = Release|iPhoneSimulator
		{233558A4-DAED-4C85-B6AE-CF3082AB7180}.AppStore|iPhone.Build.0 = Release|iPhoneSimulator
		{233558A4-DAED-4C85-B6AE-CF3082AB7180}.AppStore|iPhoneSimulator.ActiveCfg = Release|iPhoneSimulator
		{233558A4-DAED-4C85-B6AE-CF3082AB7180}.AppStore|iPhoneSimulator.Build.0 = Release|iPhoneSimulator
		{233558A4-DAED-4C85-B6AE-CF3082AB7180}.AppStore|x64.ActiveCfg = Release|iPhoneSimulator
		{233558A4-DAED-4C85-B6AE-CF3082AB7180}.AppStore|x64.Build.0 = Release|iPhoneSimulator
		{233558A4-DAED-4C85-B6AE-CF3082AB7180}.AppStore|x86.ActiveCfg = Release|iPhoneSimulator
		{233558A4-DAED-4C85-B6AE-CF3082AB7180}.AppStore|x86.Build.0 = Release|iPhoneSimulator
		{233558A4-DAED-4C85-B6AE-CF3082AB7180}.Debug|Any CPU.ActiveCfg = Debug|iPhoneSimulator
		{233558A4-DAED-4C85-B6AE-CF3082AB7180}.Debug|ARM.ActiveCfg = Debug|iPhoneSimulator
		{233558A4-DAED-4C85-B6AE-CF3082AB7180}.Debug|ARM64.ActiveCfg = Debug|iPhoneSimulator
		{233558A4-DAED-4C85-B6AE-CF3082AB7180}.Debug|iPhone.ActiveCfg = Debug|iPhoneSimulator
		{233558A4-DAED-4C85-B6AE-CF3082AB7180}.Debug|iPhoneSimulator.ActiveCfg = Debug|iPhoneSimulator
		{233558A4-DAED-4C85-B6AE-CF3082AB7180}.Debug|iPhoneSimulator.Build.0 = Debug|iPhoneSimulator
		{233558A4-DAED-4C85-B6AE-CF3082AB7180}.Debug|x64.ActiveCfg = Debug|iPhoneSimulator
		{233558A4-DAED-4C85-B6AE-CF3082AB7180}.Debug|x86.ActiveCfg = Debug|iPhoneSimulator
		{233558A4-DAED-4C85-B6AE-CF3082AB7180}.Release|Any CPU.ActiveCfg = Release|iPhoneSimulator
		{233558A4-DAED-4C85-B6AE-CF3082AB7180}.Release|ARM.ActiveCfg = Release|iPhoneSimulator
		{233558A4-DAED-4C85-B6AE-CF3082AB7180}.Release|ARM64.ActiveCfg = Release|iPhoneSimulator
		{233558A4-DAED-4C85-B6AE-CF3082AB7180}.Release|iPhone.ActiveCfg = Release|iPhoneSimulator
		{233558A4-DAED-4C85-B6AE-CF3082AB7180}.Release|iPhoneSimulator.ActiveCfg = Release|iPhoneSimulator
		{233558A4-DAED-4C85-B6AE-CF3082AB7180}.Release|iPhoneSimulator.Build.0 = Release|iPhoneSimulator
		{233558A4-DAED-4C85-B6AE-CF3082AB7180}.Release|x64.ActiveCfg = Release|iPhoneSimulator
		{233558A4-DAED-4C85-B6AE-CF3082AB7180}.Release|x86.ActiveCfg = Release|iPhoneSimulator
	EndGlobalSection
	GlobalSection(SolutionProperties) = preSolution
		HideSolutionNode = FALSE
	EndGlobalSection
	GlobalSection(ExtensibilityGlobals) = postSolution
		SolutionGuid = {446605FF-6558-4793-9E61-7A78ADBAEB85}
	EndGlobalSection
EndGlobal
