
Microsoft Visual Studio Solution File, Format Version 12.00
# Visual Studio Version 16
VisualStudioVersion = 16.0.30413.136
MinimumVisualStudioVersion = 10.0.40219.1
Project("{D954291E-2A0B-460D-934E-DC6B0785DB48}") = "Uno.PlayfulButton.Shared", "Uno.PlayfulButton.Shared\Uno.PlayfulButton.Shared.shproj", "{6279C845-92F8-4333-AB99-3D213163593C}"
EndProject
Project("{FAE04EC0-301F-11D3-BF4B-00C04F79EFBC}") = "Uno.PlayfulButton.Droid", "Uno.PlayfulButton.Droid\Uno.PlayfulButton.Droid.csproj", "{26D2F7DA-65D7-4BA4-9811-68892FA6EF20}"
EndProject
Project("{FAE04EC0-301F-11D3-BF4B-00C04F79EFBC}") = "Uno.PlayfulButton.iOS", "Uno.PlayfulButton.iOS\Uno.PlayfulButton.iOS.csproj", "{811B97D9-6607-4A1C-9243-937A34F458E9}"
EndProject
Project("{FAE04EC0-301F-11D3-BF4B-00C04F79EFBC}") = "Uno.PlayfulButton.UWP", "Uno.PlayfulButton.UWP\Uno.PlayfulButton.UWP.csproj", "{0003420F-ED81-4928-88E8-4B7931B2990B}"
EndProject
Project("{FAE04EC0-301F-11D3-BF4B-00C04F79EFBC}") = "Uno.PlayfulButton.Wasm", "Uno.PlayfulButton.Wasm\Uno.PlayfulButton.Wasm.csproj", "{C5A3E92F-65C4-4DB3-8975-C78F91CFD835}"
EndProject
Project("{FAE04EC0-301F-11D3-BF4B-00C04F79EFBC}") = "Uno.PlayfulButton.macOS", "Uno.PlayfulButton.macOS\Uno.PlayfulButton.macOS.csproj", "{E09C203D-484F-4DA9-8CBF-D46000B46448}"
EndProject
Global
	GlobalSection(SharedMSBuildProjectFiles) = preSolution
		Uno.PlayfulButton.Shared\Uno.PlayfulButton.Shared.projitems*{0003420f-ed81-4928-88e8-4b7931b2990b}*SharedItemsImports = 4
		Uno.PlayfulButton.Shared\Uno.PlayfulButton.Shared.projitems*{26d2f7da-65d7-4ba4-9811-68892fa6ef20}*SharedItemsImports = 4
		Uno.PlayfulButton.Shared\Uno.PlayfulButton.Shared.projitems*{6279c845-92f8-4333-ab99-3d213163593c}*SharedItemsImports = 13
		Uno.PlayfulButton.Shared\Uno.PlayfulButton.Shared.projitems*{811b97d9-6607-4a1c-9243-937a34f458e9}*SharedItemsImports = 4
		Uno.PlayfulButton.Shared\Uno.PlayfulButton.Shared.projitems*{c5a3e92f-65c4-4db3-8975-c78f91cfd835}*SharedItemsImports = 5
		Uno.PlayfulButton.Shared\Uno.PlayfulButton.Shared.projitems*{e09c203d-484f-4da9-8cbf-d46000b46448}*SharedItemsImports = 4
	EndGlobalSection
	GlobalSection(SolutionConfigurationPlatforms) = preSolution
		Ad-Hoc|Any CPU = Ad-Hoc|Any CPU
		Ad-Hoc|ARM = Ad-Hoc|ARM
		Ad-Hoc|ARM64 = Ad-Hoc|ARM64
		Ad-Hoc|iPhone = Ad-Hoc|iPhone
		Ad-Hoc|iPhoneSimulator = Ad-Hoc|iPhoneSimulator
		Ad-Hoc|x64 = Ad-Hoc|x64
		Ad-Hoc|x86 = Ad-Hoc|x86
		AppStore|Any CPU = AppStore|Any CPU
		AppStore|ARM = AppStore|ARM
		AppStore|ARM64 = AppStore|ARM64
		AppStore|iPhone = AppStore|iPhone
		AppStore|iPhoneSimulator = AppStore|iPhoneSimulator
		AppStore|x64 = AppStore|x64
		AppStore|x86 = AppStore|x86
		Debug|Any CPU = Debug|Any CPU
		Debug|ARM = Debug|ARM
		Debug|ARM64 = Debug|ARM64
		Debug|iPhone = Debug|iPhone
		Debug|iPhoneSimulator = Debug|iPhoneSimulator
		Debug|x64 = Debug|x64
		Debug|x86 = Debug|x86
		Release|Any CPU = Release|Any CPU
		Release|ARM = Release|ARM
		Release|ARM64 = Release|ARM64
		Release|iPhone = Release|iPhone
		Release|iPhoneSimulator = Release|iPhoneSimulator
		Release|x64 = Release|x64
		Release|x86 = Release|x86
	EndGlobalSection
	GlobalSection(ProjectConfigurationPlatforms) = postSolution
		{26D2F7DA-65D7-4BA4-9811-68892FA6EF20}.Ad-Hoc|Any CPU.ActiveCfg = Release|Any CPU
		{26D2F7DA-65D7-4BA4-9811-68892FA6EF20}.Ad-Hoc|Any CPU.Build.0 = Release|Any CPU
		{26D2F7DA-65D7-4BA4-9811-68892FA6EF20}.Ad-Hoc|Any CPU.Deploy.0 = Release|Any CPU
		{26D2F7DA-65D7-4BA4-9811-68892FA6EF20}.Ad-Hoc|ARM.ActiveCfg = Release|Any CPU
		{26D2F7DA-65D7-4BA4-9811-68892FA6EF20}.Ad-Hoc|ARM.Build.0 = Release|Any CPU
		{26D2F7DA-65D7-4BA4-9811-68892FA6EF20}.Ad-Hoc|ARM.Deploy.0 = Release|Any CPU
		{26D2F7DA-65D7-4BA4-9811-68892FA6EF20}.Ad-Hoc|ARM64.ActiveCfg = Release|Any CPU
		{26D2F7DA-65D7-4BA4-9811-68892FA6EF20}.Ad-Hoc|ARM64.Build.0 = Release|Any CPU
		{26D2F7DA-65D7-4BA4-9811-68892FA6EF20}.Ad-Hoc|ARM64.Deploy.0 = Release|Any CPU
		{26D2F7DA-65D7-4BA4-9811-68892FA6EF20}.Ad-Hoc|iPhone.ActiveCfg = Release|Any CPU
		{26D2F7DA-65D7-4BA4-9811-68892FA6EF20}.Ad-Hoc|iPhone.Build.0 = Release|Any CPU
		{26D2F7DA-65D7-4BA4-9811-68892FA6EF20}.Ad-Hoc|iPhone.Deploy.0 = Release|Any CPU
		{26D2F7DA-65D7-4BA4-9811-68892FA6EF20}.Ad-Hoc|iPhoneSimulator.ActiveCfg = Release|Any CPU
		{26D2F7DA-65D7-4BA4-9811-68892FA6EF20}.Ad-Hoc|iPhoneSimulator.Build.0 = Release|Any CPU
		{26D2F7DA-65D7-4BA4-9811-68892FA6EF20}.Ad-Hoc|iPhoneSimulator.Deploy.0 = Release|Any CPU
		{26D2F7DA-65D7-4BA4-9811-68892FA6EF20}.Ad-Hoc|x64.ActiveCfg = Release|Any CPU
		{26D2F7DA-65D7-4BA4-9811-68892FA6EF20}.Ad-Hoc|x64.Build.0 = Release|Any CPU
		{26D2F7DA-65D7-4BA4-9811-68892FA6EF20}.Ad-Hoc|x64.Deploy.0 = Release|Any CPU
		{26D2F7DA-65D7-4BA4-9811-68892FA6EF20}.Ad-Hoc|x86.ActiveCfg = Release|Any CPU
		{26D2F7DA-65D7-4BA4-9811-68892FA6EF20}.Ad-Hoc|x86.Build.0 = Release|Any CPU
		{26D2F7DA-65D7-4BA4-9811-68892FA6EF20}.Ad-Hoc|x86.Deploy.0 = Release|Any CPU
		{26D2F7DA-65D7-4BA4-9811-68892FA6EF20}.AppStore|Any CPU.ActiveCfg = Release|Any CPU
		{26D2F7DA-65D7-4BA4-9811-68892FA6EF20}.AppStore|Any CPU.Build.0 = Release|Any CPU
		{26D2F7DA-65D7-4BA4-9811-68892FA6EF20}.AppStore|Any CPU.Deploy.0 = Release|Any CPU
		{26D2F7DA-65D7-4BA4-9811-68892FA6EF20}.AppStore|ARM.ActiveCfg = Release|Any CPU
		{26D2F7DA-65D7-4BA4-9811-68892FA6EF20}.AppStore|ARM.Build.0 = Release|Any CPU
		{26D2F7DA-65D7-4BA4-9811-68892FA6EF20}.AppStore|ARM.Deploy.0 = Release|Any CPU
		{26D2F7DA-65D7-4BA4-9811-68892FA6EF20}.AppStore|ARM64.ActiveCfg = Release|Any CPU
		{26D2F7DA-65D7-4BA4-9811-68892FA6EF20}.AppStore|ARM64.Build.0 = Release|Any CPU
		{26D2F7DA-65D7-4BA4-9811-68892FA6EF20}.AppStore|ARM64.Deploy.0 = Release|Any CPU
		{26D2F7DA-65D7-4BA4-9811-68892FA6EF20}.AppStore|iPhone.ActiveCfg = Release|Any CPU
		{26D2F7DA-65D7-4BA4-9811-68892FA6EF20}.AppStore|iPhone.Build.0 = Release|Any CPU
		{26D2F7DA-65D7-4BA4-9811-68892FA6EF20}.AppStore|iPhone.Deploy.0 = Release|Any CPU
		{26D2F7DA-65D7-4BA4-9811-68892FA6EF20}.AppStore|iPhoneSimulator.ActiveCfg = Release|Any CPU
		{26D2F7DA-65D7-4BA4-9811-68892FA6EF20}.AppStore|iPhoneSimulator.Build.0 = Release|Any CPU
		{26D2F7DA-65D7-4BA4-9811-68892FA6EF20}.AppStore|iPhoneSimulator.Deploy.0 = Release|Any CPU
		{26D2F7DA-65D7-4BA4-9811-68892FA6EF20}.AppStore|x64.ActiveCfg = Release|Any CPU
		{26D2F7DA-65D7-4BA4-9811-68892FA6EF20}.AppStore|x64.Build.0 = Release|Any CPU
		{26D2F7DA-65D7-4BA4-9811-68892FA6EF20}.AppStore|x64.Deploy.0 = Release|Any CPU
		{26D2F7DA-65D7-4BA4-9811-68892FA6EF20}.AppStore|x86.ActiveCfg = Release|Any CPU
		{26D2F7DA-65D7-4BA4-9811-68892FA6EF20}.AppStore|x86.Build.0 = Release|Any CPU
		{26D2F7DA-65D7-4BA4-9811-68892FA6EF20}.AppStore|x86.Deploy.0 = Release|Any CPU
		{26D2F7DA-65D7-4BA4-9811-68892FA6EF20}.Debug|Any CPU.ActiveCfg = Debug|Any CPU
		{26D2F7DA-65D7-4BA4-9811-68892FA6EF20}.Debug|Any CPU.Build.0 = Debug|Any CPU
		{26D2F7DA-65D7-4BA4-9811-68892FA6EF20}.Debug|Any CPU.Deploy.0 = Debug|Any CPU
		{26D2F7DA-65D7-4BA4-9811-68892FA6EF20}.Debug|ARM.ActiveCfg = Debug|Any CPU
		{26D2F7DA-65D7-4BA4-9811-68892FA6EF20}.Debug|ARM.Build.0 = Debug|Any CPU
		{26D2F7DA-65D7-4BA4-9811-68892FA6EF20}.Debug|ARM.Deploy.0 = Debug|Any CPU
		{26D2F7DA-65D7-4BA4-9811-68892FA6EF20}.Debug|ARM64.ActiveCfg = Debug|Any CPU
		{26D2F7DA-65D7-4BA4-9811-68892FA6EF20}.Debug|ARM64.Build.0 = Debug|Any CPU
		{26D2F7DA-65D7-4BA4-9811-68892FA6EF20}.Debug|ARM64.Deploy.0 = Debug|Any CPU
		{26D2F7DA-65D7-4BA4-9811-68892FA6EF20}.Debug|iPhone.ActiveCfg = Debug|Any CPU
		{26D2F7DA-65D7-4BA4-9811-68892FA6EF20}.Debug|iPhone.Build.0 = Debug|Any CPU
		{26D2F7DA-65D7-4BA4-9811-68892FA6EF20}.Debug|iPhone.Deploy.0 = Debug|Any CPU
		{26D2F7DA-65D7-4BA4-9811-68892FA6EF20}.Debug|iPhoneSimulator.ActiveCfg = Debug|Any CPU
		{26D2F7DA-65D7-4BA4-9811-68892FA6EF20}.Debug|iPhoneSimulator.Build.0 = Debug|Any CPU
		{26D2F7DA-65D7-4BA4-9811-68892FA6EF20}.Debug|iPhoneSimulator.Deploy.0 = Debug|Any CPU
		{26D2F7DA-65D7-4BA4-9811-68892FA6EF20}.Debug|x64.ActiveCfg = Debug|Any CPU
		{26D2F7DA-65D7-4BA4-9811-68892FA6EF20}.Debug|x64.Build.0 = Debug|Any CPU
		{26D2F7DA-65D7-4BA4-9811-68892FA6EF20}.Debug|x64.Deploy.0 = Debug|Any CPU
		{26D2F7DA-65D7-4BA4-9811-68892FA6EF20}.Debug|x86.ActiveCfg = Debug|Any CPU
		{26D2F7DA-65D7-4BA4-9811-68892FA6EF20}.Debug|x86.Build.0 = Debug|Any CPU
		{26D2F7DA-65D7-4BA4-9811-68892FA6EF20}.Debug|x86.Deploy.0 = Debug|Any CPU
		{26D2F7DA-65D7-4BA4-9811-68892FA6EF20}.Release|Any CPU.ActiveCfg = Release|Any CPU
		{26D2F7DA-65D7-4BA4-9811-68892FA6EF20}.Release|Any CPU.Build.0 = Release|Any CPU
		{26D2F7DA-65D7-4BA4-9811-68892FA6EF20}.Release|Any CPU.Deploy.0 = Release|Any CPU
		{26D2F7DA-65D7-4BA4-9811-68892FA6EF20}.Release|ARM.ActiveCfg = Release|Any CPU
		{26D2F7DA-65D7-4BA4-9811-68892FA6EF20}.Release|ARM.Build.0 = Release|Any CPU
		{26D2F7DA-65D7-4BA4-9811-68892FA6EF20}.Release|ARM.Deploy.0 = Release|Any CPU
		{26D2F7DA-65D7-4BA4-9811-68892FA6EF20}.Release|ARM64.ActiveCfg = Release|Any CPU
		{26D2F7DA-65D7-4BA4-9811-68892FA6EF20}.Release|ARM64.Build.0 = Release|Any CPU
		{26D2F7DA-65D7-4BA4-9811-68892FA6EF20}.Release|ARM64.Deploy.0 = Release|Any CPU
		{26D2F7DA-65D7-4BA4-9811-68892FA6EF20}.Release|iPhone.ActiveCfg = Release|Any CPU
		{26D2F7DA-65D7-4BA4-9811-68892FA6EF20}.Release|iPhone.Build.0 = Release|Any CPU
		{26D2F7DA-65D7-4BA4-9811-68892FA6EF20}.Release|iPhone.Deploy.0 = Release|Any CPU
		{26D2F7DA-65D7-4BA4-9811-68892FA6EF20}.Release|iPhoneSimulator.ActiveCfg = Release|Any CPU
		{26D2F7DA-65D7-4BA4-9811-68892FA6EF20}.Release|iPhoneSimulator.Build.0 = Release|Any CPU
		{26D2F7DA-65D7-4BA4-9811-68892FA6EF20}.Release|iPhoneSimulator.Deploy.0 = Release|Any CPU
		{26D2F7DA-65D7-4BA4-9811-68892FA6EF20}.Release|x64.ActiveCfg = Release|Any CPU
		{26D2F7DA-65D7-4BA4-9811-68892FA6EF20}.Release|x64.Build.0 = Release|Any CPU
		{26D2F7DA-65D7-4BA4-9811-68892FA6EF20}.Release|x64.Deploy.0 = Release|Any CPU
		{26D2F7DA-65D7-4BA4-9811-68892FA6EF20}.Release|x86.ActiveCfg = Release|Any CPU
		{26D2F7DA-65D7-4BA4-9811-68892FA6EF20}.Release|x86.Build.0 = Release|Any CPU
		{26D2F7DA-65D7-4BA4-9811-68892FA6EF20}.Release|x86.Deploy.0 = Release|Any CPU
		{811B97D9-6607-4A1C-9243-937A34F458E9}.Ad-Hoc|Any CPU.ActiveCfg = Ad-Hoc|iPhone
		{811B97D9-6607-4A1C-9243-937A34F458E9}.Ad-Hoc|ARM.ActiveCfg = Ad-Hoc|iPhone
		{811B97D9-6607-4A1C-9243-937A34F458E9}.Ad-Hoc|ARM64.ActiveCfg = Ad-Hoc|iPhone
		{811B97D9-6607-4A1C-9243-937A34F458E9}.Ad-Hoc|iPhone.ActiveCfg = Ad-Hoc|iPhone
		{811B97D9-6607-4A1C-9243-937A34F458E9}.Ad-Hoc|iPhone.Build.0 = Ad-Hoc|iPhone
		{811B97D9-6607-4A1C-9243-937A34F458E9}.Ad-Hoc|iPhoneSimulator.ActiveCfg = Ad-Hoc|iPhoneSimulator
		{811B97D9-6607-4A1C-9243-937A34F458E9}.Ad-Hoc|iPhoneSimulator.Build.0 = Ad-Hoc|iPhoneSimulator
		{811B97D9-6607-4A1C-9243-937A34F458E9}.Ad-Hoc|x64.ActiveCfg = Ad-Hoc|iPhone
		{811B97D9-6607-4A1C-9243-937A34F458E9}.Ad-Hoc|x86.ActiveCfg = Ad-Hoc|iPhone
		{811B97D9-6607-4A1C-9243-937A34F458E9}.AppStore|Any CPU.ActiveCfg = AppStore|iPhone
		{811B97D9-6607-4A1C-9243-937A34F458E9}.AppStore|ARM.ActiveCfg = AppStore|iPhone
		{811B97D9-6607-4A1C-9243-937A34F458E9}.AppStore|ARM64.ActiveCfg = AppStore|iPhone
		{811B97D9-6607-4A1C-9243-937A34F458E9}.AppStore|iPhone.ActiveCfg = AppStore|iPhone
		{811B97D9-6607-4A1C-9243-937A34F458E9}.AppStore|iPhone.Build.0 = AppStore|iPhone
		{811B97D9-6607-4A1C-9243-937A34F458E9}.AppStore|iPhoneSimulator.ActiveCfg = AppStore|iPhoneSimulator
		{811B97D9-6607-4A1C-9243-937A34F458E9}.AppStore|iPhoneSimulator.Build.0 = AppStore|iPhoneSimulator
		{811B97D9-6607-4A1C-9243-937A34F458E9}.AppStore|x64.ActiveCfg = AppStore|iPhone
		{811B97D9-6607-4A1C-9243-937A34F458E9}.AppStore|x86.ActiveCfg = AppStore|iPhone
		{811B97D9-6607-4A1C-9243-937A34F458E9}.Debug|Any CPU.ActiveCfg = Debug|iPhone
		{811B97D9-6607-4A1C-9243-937A34F458E9}.Debug|ARM.ActiveCfg = Debug|iPhone
		{811B97D9-6607-4A1C-9243-937A34F458E9}.Debug|ARM64.ActiveCfg = Debug|iPhone
		{811B97D9-6607-4A1C-9243-937A34F458E9}.Debug|iPhone.ActiveCfg = Debug|iPhone
		{811B97D9-6607-4A1C-9243-937A34F458E9}.Debug|iPhone.Build.0 = Debug|iPhone
		{811B97D9-6607-4A1C-9243-937A34F458E9}.Debug|iPhoneSimulator.ActiveCfg = Debug|iPhoneSimulator
		{811B97D9-6607-4A1C-9243-937A34F458E9}.Debug|iPhoneSimulator.Build.0 = Debug|iPhoneSimulator
		{811B97D9-6607-4A1C-9243-937A34F458E9}.Debug|x64.ActiveCfg = Debug|iPhone
		{811B97D9-6607-4A1C-9243-937A34F458E9}.Debug|x86.ActiveCfg = Debug|iPhone
		{811B97D9-6607-4A1C-9243-937A34F458E9}.Release|Any CPU.ActiveCfg = Release|iPhone
		{811B97D9-6607-4A1C-9243-937A34F458E9}.Release|ARM.ActiveCfg = Release|iPhone
		{811B97D9-6607-4A1C-9243-937A34F458E9}.Release|ARM64.ActiveCfg = Release|iPhone
		{811B97D9-6607-4A1C-9243-937A34F458E9}.Release|iPhone.ActiveCfg = Release|iPhone
		{811B97D9-6607-4A1C-9243-937A34F458E9}.Release|iPhone.Build.0 = Release|iPhone
		{811B97D9-6607-4A1C-9243-937A34F458E9}.Release|iPhoneSimulator.ActiveCfg = Release|iPhoneSimulator
		{811B97D9-6607-4A1C-9243-937A34F458E9}.Release|iPhoneSimulator.Build.0 = Release|iPhoneSimulator
		{811B97D9-6607-4A1C-9243-937A34F458E9}.Release|x64.ActiveCfg = Release|iPhone
		{811B97D9-6607-4A1C-9243-937A34F458E9}.Release|x86.ActiveCfg = Release|iPhone
		{0003420F-ED81-4928-88E8-4B7931B2990B}.Ad-Hoc|Any CPU.ActiveCfg = Release|x64
		{0003420F-ED81-4928-88E8-4B7931B2990B}.Ad-Hoc|Any CPU.Build.0 = Release|x64
		{0003420F-ED81-4928-88E8-4B7931B2990B}.Ad-Hoc|Any CPU.Deploy.0 = Release|x64
		{0003420F-ED81-4928-88E8-4B7931B2990B}.Ad-Hoc|ARM.ActiveCfg = Release|ARM
		{0003420F-ED81-4928-88E8-4B7931B2990B}.Ad-Hoc|ARM.Build.0 = Release|ARM
		{0003420F-ED81-4928-88E8-4B7931B2990B}.Ad-Hoc|ARM.Deploy.0 = Release|ARM
		{0003420F-ED81-4928-88E8-4B7931B2990B}.Ad-Hoc|ARM64.ActiveCfg = Release|ARM64
		{0003420F-ED81-4928-88E8-4B7931B2990B}.Ad-Hoc|ARM64.Build.0 = Release|ARM64
		{0003420F-ED81-4928-88E8-4B7931B2990B}.Ad-Hoc|ARM64.Deploy.0 = Release|ARM64
		{0003420F-ED81-4928-88E8-4B7931B2990B}.Ad-Hoc|iPhone.ActiveCfg = Release|x64
		{0003420F-ED81-4928-88E8-4B7931B2990B}.Ad-Hoc|iPhone.Build.0 = Release|x64
		{0003420F-ED81-4928-88E8-4B7931B2990B}.Ad-Hoc|iPhone.Deploy.0 = Release|x64
		{0003420F-ED81-4928-88E8-4B7931B2990B}.Ad-Hoc|iPhoneSimulator.ActiveCfg = Release|x64
		{0003420F-ED81-4928-88E8-4B7931B2990B}.Ad-Hoc|iPhoneSimulator.Build.0 = Release|x64
		{0003420F-ED81-4928-88E8-4B7931B2990B}.Ad-Hoc|iPhoneSimulator.Deploy.0 = Release|x64
		{0003420F-ED81-4928-88E8-4B7931B2990B}.Ad-Hoc|x64.ActiveCfg = Release|x64
		{0003420F-ED81-4928-88E8-4B7931B2990B}.Ad-Hoc|x64.Build.0 = Release|x64
		{0003420F-ED81-4928-88E8-4B7931B2990B}.Ad-Hoc|x64.Deploy.0 = Release|x64
		{0003420F-ED81-4928-88E8-4B7931B2990B}.Ad-Hoc|x86.ActiveCfg = Release|x86
		{0003420F-ED81-4928-88E8-4B7931B2990B}.Ad-Hoc|x86.Build.0 = Release|x86
		{0003420F-ED81-4928-88E8-4B7931B2990B}.Ad-Hoc|x86.Deploy.0 = Release|x86
		{0003420F-ED81-4928-88E8-4B7931B2990B}.AppStore|Any CPU.ActiveCfg = Release|x64
		{0003420F-ED81-4928-88E8-4B7931B2990B}.AppStore|Any CPU.Build.0 = Release|x64
		{0003420F-ED81-4928-88E8-4B7931B2990B}.AppStore|Any CPU.Deploy.0 = Release|x64
		{0003420F-ED81-4928-88E8-4B7931B2990B}.AppStore|ARM.ActiveCfg = Release|ARM
		{0003420F-ED81-4928-88E8-4B7931B2990B}.AppStore|ARM.Build.0 = Release|ARM
		{0003420F-ED81-4928-88E8-4B7931B2990B}.AppStore|ARM.Deploy.0 = Release|ARM
		{0003420F-ED81-4928-88E8-4B7931B2990B}.AppStore|ARM64.ActiveCfg = Release|ARM64
		{0003420F-ED81-4928-88E8-4B7931B2990B}.AppStore|ARM64.Build.0 = Release|ARM64
		{0003420F-ED81-4928-88E8-4B7931B2990B}.AppStore|ARM64.Deploy.0 = Release|ARM64
		{0003420F-ED81-4928-88E8-4B7931B2990B}.AppStore|iPhone.ActiveCfg = Release|x64
		{0003420F-ED81-4928-88E8-4B7931B2990B}.AppStore|iPhone.Build.0 = Release|x64
		{0003420F-ED81-4928-88E8-4B7931B2990B}.AppStore|iPhone.Deploy.0 = Release|x64
		{0003420F-ED81-4928-88E8-4B7931B2990B}.AppStore|iPhoneSimulator.ActiveCfg = Release|x64
		{0003420F-ED81-4928-88E8-4B7931B2990B}.AppStore|iPhoneSimulator.Build.0 = Release|x64
		{0003420F-ED81-4928-88E8-4B7931B2990B}.AppStore|iPhoneSimulator.Deploy.0 = Release|x64
		{0003420F-ED81-4928-88E8-4B7931B2990B}.AppStore|x64.ActiveCfg = Release|x64
		{0003420F-ED81-4928-88E8-4B7931B2990B}.AppStore|x64.Build.0 = Release|x64
		{0003420F-ED81-4928-88E8-4B7931B2990B}.AppStore|x64.Deploy.0 = Release|x64
		{0003420F-ED81-4928-88E8-4B7931B2990B}.AppStore|x86.ActiveCfg = Release|x86
		{0003420F-ED81-4928-88E8-4B7931B2990B}.AppStore|x86.Build.0 = Release|x86
		{0003420F-ED81-4928-88E8-4B7931B2990B}.AppStore|x86.Deploy.0 = Release|x86
		{0003420F-ED81-4928-88E8-4B7931B2990B}.Debug|Any CPU.ActiveCfg = Debug|x86
		{0003420F-ED81-4928-88E8-4B7931B2990B}.Debug|ARM.ActiveCfg = Debug|ARM
		{0003420F-ED81-4928-88E8-4B7931B2990B}.Debug|ARM.Build.0 = Debug|ARM
		{0003420F-ED81-4928-88E8-4B7931B2990B}.Debug|ARM.Deploy.0 = Debug|ARM
		{0003420F-ED81-4928-88E8-4B7931B2990B}.Debug|ARM64.ActiveCfg = Debug|ARM64
		{0003420F-ED81-4928-88E8-4B7931B2990B}.Debug|ARM64.Build.0 = Debug|ARM64
		{0003420F-ED81-4928-88E8-4B7931B2990B}.Debug|ARM64.Deploy.0 = Debug|ARM64
		{0003420F-ED81-4928-88E8-4B7931B2990B}.Debug|iPhone.ActiveCfg = Debug|x86
		{0003420F-ED81-4928-88E8-4B7931B2990B}.Debug|iPhoneSimulator.ActiveCfg = Debug|x86
		{0003420F-ED81-4928-88E8-4B7931B2990B}.Debug|x64.ActiveCfg = Debug|x64
		{0003420F-ED81-4928-88E8-4B7931B2990B}.Debug|x64.Build.0 = Debug|x64
		{0003420F-ED81-4928-88E8-4B7931B2990B}.Debug|x64.Deploy.0 = Debug|x64
		{0003420F-ED81-4928-88E8-4B7931B2990B}.Debug|x86.ActiveCfg = Debug|x86
		{0003420F-ED81-4928-88E8-4B7931B2990B}.Debug|x86.Build.0 = Debug|x86
		{0003420F-ED81-4928-88E8-4B7931B2990B}.Debug|x86.Deploy.0 = Debug|x86
		{0003420F-ED81-4928-88E8-4B7931B2990B}.Release|Any CPU.ActiveCfg = Release|x86
		{0003420F-ED81-4928-88E8-4B7931B2990B}.Release|ARM.ActiveCfg = Release|ARM
		{0003420F-ED81-4928-88E8-4B7931B2990B}.Release|ARM.Build.0 = Release|ARM
		{0003420F-ED81-4928-88E8-4B7931B2990B}.Release|ARM.Deploy.0 = Release|ARM
		{0003420F-ED81-4928-88E8-4B7931B2990B}.Release|ARM64.ActiveCfg = Release|ARM64
		{0003420F-ED81-4928-88E8-4B7931B2990B}.Release|ARM64.Build.0 = Release|ARM64
		{0003420F-ED81-4928-88E8-4B7931B2990B}.Release|ARM64.Deploy.0 = Release|ARM64
		{0003420F-ED81-4928-88E8-4B7931B2990B}.Release|iPhone.ActiveCfg = Release|x86
		{0003420F-ED81-4928-88E8-4B7931B2990B}.Release|iPhoneSimulator.ActiveCfg = Release|x86
		{0003420F-ED81-4928-88E8-4B7931B2990B}.Release|x64.ActiveCfg = Release|x64
		{0003420F-ED81-4928-88E8-4B7931B2990B}.Release|x64.Build.0 = Release|x64
		{0003420F-ED81-4928-88E8-4B7931B2990B}.Release|x64.Deploy.0 = Release|x64
		{0003420F-ED81-4928-88E8-4B7931B2990B}.Release|x86.ActiveCfg = Release|x86
		{0003420F-ED81-4928-88E8-4B7931B2990B}.Release|x86.Build.0 = Release|x86
		{0003420F-ED81-4928-88E8-4B7931B2990B}.Release|x86.Deploy.0 = Release|x86
		{C5A3E92F-65C4-4DB3-8975-C78F91CFD835}.Ad-Hoc|Any CPU.ActiveCfg = Debug|Any CPU
		{C5A3E92F-65C4-4DB3-8975-C78F91CFD835}.Ad-Hoc|Any CPU.Build.0 = Debug|Any CPU
		{C5A3E92F-65C4-4DB3-8975-C78F91CFD835}.Ad-Hoc|ARM.ActiveCfg = Debug|Any CPU
		{C5A3E92F-65C4-4DB3-8975-C78F91CFD835}.Ad-Hoc|ARM.Build.0 = Debug|Any CPU
		{C5A3E92F-65C4-4DB3-8975-C78F91CFD835}.Ad-Hoc|ARM64.ActiveCfg = Debug|Any CPU
		{C5A3E92F-65C4-4DB3-8975-C78F91CFD835}.Ad-Hoc|ARM64.Build.0 = Debug|Any CPU
		{C5A3E92F-65C4-4DB3-8975-C78F91CFD835}.Ad-Hoc|iPhone.ActiveCfg = Debug|Any CPU
		{C5A3E92F-65C4-4DB3-8975-C78F91CFD835}.Ad-Hoc|iPhone.Build.0 = Debug|Any CPU
		{C5A3E92F-65C4-4DB3-8975-C78F91CFD835}.Ad-Hoc|iPhoneSimulator.ActiveCfg = Debug|Any CPU
		{C5A3E92F-65C4-4DB3-8975-C78F91CFD835}.Ad-Hoc|iPhoneSimulator.Build.0 = Debug|Any CPU
		{C5A3E92F-65C4-4DB3-8975-C78F91CFD835}.Ad-Hoc|x64.ActiveCfg = Debug|Any CPU
		{C5A3E92F-65C4-4DB3-8975-C78F91CFD835}.Ad-Hoc|x64.Build.0 = Debug|Any CPU
		{C5A3E92F-65C4-4DB3-8975-C78F91CFD835}.Ad-Hoc|x86.ActiveCfg = Debug|Any CPU
		{C5A3E92F-65C4-4DB3-8975-C78F91CFD835}.Ad-Hoc|x86.Build.0 = Debug|Any CPU
		{C5A3E92F-65C4-4DB3-8975-C78F91CFD835}.AppStore|Any CPU.ActiveCfg = Debug|Any CPU
		{C5A3E92F-65C4-4DB3-8975-C78F91CFD835}.AppStore|Any CPU.Build.0 = Debug|Any CPU
		{C5A3E92F-65C4-4DB3-8975-C78F91CFD835}.AppStore|ARM.ActiveCfg = Debug|Any CPU
		{C5A3E92F-65C4-4DB3-8975-C78F91CFD835}.AppStore|ARM.Build.0 = Debug|Any CPU
		{C5A3E92F-65C4-4DB3-8975-C78F91CFD835}.AppStore|ARM64.ActiveCfg = Debug|Any CPU
		{C5A3E92F-65C4-4DB3-8975-C78F91CFD835}.AppStore|ARM64.Build.0 = Debug|Any CPU
		{C5A3E92F-65C4-4DB3-8975-C78F91CFD835}.AppStore|iPhone.ActiveCfg = Debug|Any CPU
		{C5A3E92F-65C4-4DB3-8975-C78F91CFD835}.AppStore|iPhone.Build.0 = Debug|Any CPU
		{C5A3E92F-65C4-4DB3-8975-C78F91CFD835}.AppStore|iPhoneSimulator.ActiveCfg = Debug|Any CPU
		{C5A3E92F-65C4-4DB3-8975-C78F91CFD835}.AppStore|iPhoneSimulator.Build.0 = Debug|Any CPU
		{C5A3E92F-65C4-4DB3-8975-C78F91CFD835}.AppStore|x64.ActiveCfg = Debug|Any CPU
		{C5A3E92F-65C4-4DB3-8975-C78F91CFD835}.AppStore|x64.Build.0 = Debug|Any CPU
		{C5A3E92F-65C4-4DB3-8975-C78F91CFD835}.AppStore|x86.ActiveCfg = Debug|Any CPU
		{C5A3E92F-65C4-4DB3-8975-C78F91CFD835}.AppStore|x86.Build.0 = Debug|Any CPU
		{C5A3E92F-65C4-4DB3-8975-C78F91CFD835}.Debug|Any CPU.ActiveCfg = Debug|Any CPU
		{C5A3E92F-65C4-4DB3-8975-C78F91CFD835}.Debug|Any CPU.Build.0 = Debug|Any CPU
		{C5A3E92F-65C4-4DB3-8975-C78F91CFD835}.Debug|ARM.ActiveCfg = Debug|Any CPU
		{C5A3E92F-65C4-4DB3-8975-C78F91CFD835}.Debug|ARM.Build.0 = Debug|Any CPU
		{C5A3E92F-65C4-4DB3-8975-C78F91CFD835}.Debug|ARM64.ActiveCfg = Debug|Any CPU
		{C5A3E92F-65C4-4DB3-8975-C78F91CFD835}.Debug|ARM64.Build.0 = Debug|Any CPU
		{C5A3E92F-65C4-4DB3-8975-C78F91CFD835}.Debug|iPhone.ActiveCfg = Debug|Any CPU
		{C5A3E92F-65C4-4DB3-8975-C78F91CFD835}.Debug|iPhone.Build.0 = Debug|Any CPU
		{C5A3E92F-65C4-4DB3-8975-C78F91CFD835}.Debug|iPhoneSimulator.ActiveCfg = Debug|Any CPU
		{C5A3E92F-65C4-4DB3-8975-C78F91CFD835}.Debug|iPhoneSimulator.Build.0 = Debug|Any CPU
		{C5A3E92F-65C4-4DB3-8975-C78F91CFD835}.Debug|x64.ActiveCfg = Debug|Any CPU
		{C5A3E92F-65C4-4DB3-8975-C78F91CFD835}.Debug|x64.Build.0 = Debug|Any CPU
		{C5A3E92F-65C4-4DB3-8975-C78F91CFD835}.Debug|x86.ActiveCfg = Debug|Any CPU
		{C5A3E92F-65C4-4DB3-8975-C78F91CFD835}.Debug|x86.Build.0 = Debug|Any CPU
		{C5A3E92F-65C4-4DB3-8975-C78F91CFD835}.Release|Any CPU.ActiveCfg = Release|Any CPU
		{C5A3E92F-65C4-4DB3-8975-C78F91CFD835}.Release|Any CPU.Build.0 = Release|Any CPU
		{C5A3E92F-65C4-4DB3-8975-C78F91CFD835}.Release|ARM.ActiveCfg = Release|Any CPU
		{C5A3E92F-65C4-4DB3-8975-C78F91CFD835}.Release|ARM.Build.0 = Release|Any CPU
		{C5A3E92F-65C4-4DB3-8975-C78F91CFD835}.Release|ARM64.ActiveCfg = Release|Any CPU
		{C5A3E92F-65C4-4DB3-8975-C78F91CFD835}.Release|ARM64.Build.0 = Release|Any CPU
		{C5A3E92F-65C4-4DB3-8975-C78F91CFD835}.Release|iPhone.ActiveCfg = Release|Any CPU
		{C5A3E92F-65C4-4DB3-8975-C78F91CFD835}.Release|iPhone.Build.0 = Release|Any CPU
		{C5A3E92F-65C4-4DB3-8975-C78F91CFD835}.Release|iPhoneSimulator.ActiveCfg = Release|Any CPU
		{C5A3E92F-65C4-4DB3-8975-C78F91CFD835}.Release|iPhoneSimulator.Build.0 = Release|Any CPU
		{C5A3E92F-65C4-4DB3-8975-C78F91CFD835}.Release|x64.ActiveCfg = Release|Any CPU
		{C5A3E92F-65C4-4DB3-8975-C78F91CFD835}.Release|x64.Build.0 = Release|Any CPU
		{C5A3E92F-65C4-4DB3-8975-C78F91CFD835}.Release|x86.ActiveCfg = Release|Any CPU
		{C5A3E92F-65C4-4DB3-8975-C78F91CFD835}.Release|x86.Build.0 = Release|Any CPU
		{E09C203D-484F-4DA9-8CBF-D46000B46448}.Ad-Hoc|Any CPU.ActiveCfg = Release|iPhoneSimulator
		{E09C203D-484F-4DA9-8CBF-D46000B46448}.Ad-Hoc|Any CPU.Build.0 = Release|iPhoneSimulator
		{E09C203D-484F-4DA9-8CBF-D46000B46448}.Ad-Hoc|ARM.ActiveCfg = Release|iPhoneSimulator
		{E09C203D-484F-4DA9-8CBF-D46000B46448}.Ad-Hoc|ARM.Build.0 = Release|iPhoneSimulator
		{E09C203D-484F-4DA9-8CBF-D46000B46448}.Ad-Hoc|ARM64.ActiveCfg = Release|iPhoneSimulator
		{E09C203D-484F-4DA9-8CBF-D46000B46448}.Ad-Hoc|ARM64.Build.0 = Release|iPhoneSimulator
		{E09C203D-484F-4DA9-8CBF-D46000B46448}.Ad-Hoc|iPhone.ActiveCfg = Release|iPhoneSimulator
		{E09C203D-484F-4DA9-8CBF-D46000B46448}.Ad-Hoc|iPhone.Build.0 = Release|iPhoneSimulator
		{E09C203D-484F-4DA9-8CBF-D46000B46448}.Ad-Hoc|iPhoneSimulator.ActiveCfg = Release|iPhoneSimulator
		{E09C203D-484F-4DA9-8CBF-D46000B46448}.Ad-Hoc|iPhoneSimulator.Build.0 = Release|iPhoneSimulator
		{E09C203D-484F-4DA9-8CBF-D46000B46448}.Ad-Hoc|x64.ActiveCfg = Release|iPhoneSimulator
		{E09C203D-484F-4DA9-8CBF-D46000B46448}.Ad-Hoc|x64.Build.0 = Release|iPhoneSimulator
		{E09C203D-484F-4DA9-8CBF-D46000B46448}.Ad-Hoc|x86.ActiveCfg = Release|iPhoneSimulator
		{E09C203D-484F-4DA9-8CBF-D46000B46448}.Ad-Hoc|x86.Build.0 = Release|iPhoneSimulator
		{E09C203D-484F-4DA9-8CBF-D46000B46448}.AppStore|Any CPU.ActiveCfg = Release|iPhoneSimulator
		{E09C203D-484F-4DA9-8CBF-D46000B46448}.AppStore|Any CPU.Build.0 = Release|iPhoneSimulator
		{E09C203D-484F-4DA9-8CBF-D46000B46448}.AppStore|ARM.ActiveCfg = Release|iPhoneSimulator
		{E09C203D-484F-4DA9-8CBF-D46000B46448}.AppStore|ARM.Build.0 = Release|iPhoneSimulator
		{E09C203D-484F-4DA9-8CBF-D46000B46448}.AppStore|ARM64.ActiveCfg = Release|iPhoneSimulator
		{E09C203D-484F-4DA9-8CBF-D46000B46448}.AppStore|ARM64.Build.0 = Release|iPhoneSimulator
		{E09C203D-484F-4DA9-8CBF-D46000B46448}.AppStore|iPhone.ActiveCfg = Release|iPhoneSimulator
		{E09C203D-484F-4DA9-8CBF-D46000B46448}.AppStore|iPhone.Build.0 = Release|iPhoneSimulator
		{E09C203D-484F-4DA9-8CBF-D46000B46448}.AppStore|iPhoneSimulator.ActiveCfg = Release|iPhoneSimulator
		{E09C203D-484F-4DA9-8CBF-D46000B46448}.AppStore|iPhoneSimulator.Build.0 = Release|iPhoneSimulator
		{E09C203D-484F-4DA9-8CBF-D46000B46448}.AppStore|x64.ActiveCfg = Release|iPhoneSimulator
		{E09C203D-484F-4DA9-8CBF-D46000B46448}.AppStore|x64.Build.0 = Release|iPhoneSimulator
		{E09C203D-484F-4DA9-8CBF-D46000B46448}.AppStore|x86.ActiveCfg = Release|iPhoneSimulator
		{E09C203D-484F-4DA9-8CBF-D46000B46448}.AppStore|x86.Build.0 = Release|iPhoneSimulator
		{E09C203D-484F-4DA9-8CBF-D46000B46448}.Debug|Any CPU.ActiveCfg = Debug|iPhoneSimulator
		{E09C203D-484F-4DA9-8CBF-D46000B46448}.Debug|ARM.ActiveCfg = Debug|iPhoneSimulator
		{E09C203D-484F-4DA9-8CBF-D46000B46448}.Debug|ARM64.ActiveCfg = Debug|iPhoneSimulator
		{E09C203D-484F-4DA9-8CBF-D46000B46448}.Debug|iPhone.ActiveCfg = Debug|iPhoneSimulator
		{E09C203D-484F-4DA9-8CBF-D46000B46448}.Debug|iPhoneSimulator.ActiveCfg = Debug|iPhoneSimulator
		{E09C203D-484F-4DA9-8CBF-D46000B46448}.Debug|iPhoneSimulator.Build.0 = Debug|iPhoneSimulator
		{E09C203D-484F-4DA9-8CBF-D46000B46448}.Debug|x64.ActiveCfg = Debug|iPhoneSimulator
		{E09C203D-484F-4DA9-8CBF-D46000B46448}.Debug|x86.ActiveCfg = Debug|iPhoneSimulator
		{E09C203D-484F-4DA9-8CBF-D46000B46448}.Release|Any CPU.ActiveCfg = Release|iPhoneSimulator
		{E09C203D-484F-4DA9-8CBF-D46000B46448}.Release|ARM.ActiveCfg = Release|iPhoneSimulator
		{E09C203D-484F-4DA9-8CBF-D46000B46448}.Release|ARM64.ActiveCfg = Release|iPhoneSimulator
		{E09C203D-484F-4DA9-8CBF-D46000B46448}.Release|iPhone.ActiveCfg = Release|iPhoneSimulator
		{E09C203D-484F-4DA9-8CBF-D46000B46448}.Release|iPhoneSimulator.ActiveCfg = Release|iPhoneSimulator
		{E09C203D-484F-4DA9-8CBF-D46000B46448}.Release|iPhoneSimulator.Build.0 = Release|iPhoneSimulator
		{E09C203D-484F-4DA9-8CBF-D46000B46448}.Release|x64.ActiveCfg = Release|iPhoneSimulator
		{E09C203D-484F-4DA9-8CBF-D46000B46448}.Release|x86.ActiveCfg = Release|iPhoneSimulator
	EndGlobalSection
	GlobalSection(SolutionProperties) = preSolution
		HideSolutionNode = FALSE
	EndGlobalSection
	GlobalSection(ExtensibilityGlobals) = postSolution
		SolutionGuid = {075EBDF6-E31B-4E71-AAE7-9DED77C0AD90}
	EndGlobalSection
EndGlobal
