
Microsoft Visual Studio Solution File, Format Version 12.00
# Visual Studio Version 16
VisualStudioVersion = 16.0.30204.135
MinimumVisualStudioVersion = 10.0.40219.1
Project("{D954291E-2A0B-460D-934E-DC6B0785DB48}") = "Uno.ColorfulBitmapIcon.Shared", "Uno.ColorfulBitmapIcon.Shared\Uno.ColorfulBitmapIcon.Shared.shproj", "{6279C845-92F8-4333-AB99-3D213163593C}"
EndProject
Project("{FAE04EC0-301F-11D3-BF4B-00C04F79EFBC}") = "Uno.ColorfulBitmapIcon.Droid", "Uno.ColorfulBitmapIcon.Droid\Uno.ColorfulBitmapIcon.Droid.csproj", "{954983B3-0782-4327-886A-88CF8CEA3DD1}"
EndProject
Project("{FAE04EC0-301F-11D3-BF4B-00C04F79EFBC}") = "Uno.ColorfulBitmapIcon.iOS", "Uno.ColorfulBitmapIcon.iOS\Uno.ColorfulBitmapIcon.iOS.csproj", "{DE605DD8-BC00-4798-8CC3-7EA785155F69}"
EndProject
Project("{FAE04EC0-301F-11D3-BF4B-00C04F79EFBC}") = "Uno.ColorfulBitmapIcon.UWP", "Uno.ColorfulBitmapIcon.UWP\Uno.ColorfulBitmapIcon.UWP.csproj", "{20063541-3807-4DA6-8246-88B34D791FCF}"
EndProject
Project("{FAE04EC0-301F-11D3-BF4B-00C04F79EFBC}") = "Uno.ColorfulBitmapIcon.Wasm", "Uno.ColorfulBitmapIcon.Wasm\Uno.ColorfulBitmapIcon.Wasm.csproj", "{0D50845A-EFAE-4D18-AD65-41D1FC6DB90D}"
EndProject
Project("{FAE04EC0-301F-11D3-BF4B-00C04F79EFBC}") = "Uno.ColorfulBitmapIcon.macOS", "Uno.ColorfulBitmapIcon.macOS\Uno.ColorfulBitmapIcon.macOS.csproj", "{B9CD5736-1BAE-413F-A6A5-FFF0134EC05C}"
EndProject
Global
	GlobalSection(SharedMSBuildProjectFiles) = preSolution
		Uno.ColorfulBitmapIcon.Shared\Uno.ColorfulBitmapIcon.Shared.projitems*{0d50845a-efae-4d18-ad65-41d1fc6db90d}*SharedItemsImports = 5
		Uno.ColorfulBitmapIcon.Shared\Uno.ColorfulBitmapIcon.Shared.projitems*{20063541-3807-4da6-8246-88b34d791fcf}*SharedItemsImports = 4
		Uno.ColorfulBitmapIcon.Shared\Uno.ColorfulBitmapIcon.Shared.projitems*{6279c845-92f8-4333-ab99-3d213163593c}*SharedItemsImports = 13
		Uno.ColorfulBitmapIcon.Shared\Uno.ColorfulBitmapIcon.Shared.projitems*{954983b3-0782-4327-886a-88cf8cea3dd1}*SharedItemsImports = 4
		Uno.ColorfulBitmapIcon.Shared\Uno.ColorfulBitmapIcon.Shared.projitems*{b9cd5736-1bae-413f-a6a5-fff0134ec05c}*SharedItemsImports = 4
		Uno.ColorfulBitmapIcon.Shared\Uno.ColorfulBitmapIcon.Shared.projitems*{de605dd8-bc00-4798-8cc3-7ea785155f69}*SharedItemsImports = 4
	EndGlobalSection
	GlobalSection(SolutionConfigurationPlatforms) = preSolution
		Ad-Hoc|Any CPU = Ad-Hoc|Any CPU
		Ad-Hoc|ARM = Ad-Hoc|ARM
		Ad-Hoc|ARM64 = Ad-Hoc|ARM64
		Ad-Hoc|iPhone = Ad-Hoc|iPhone
		Ad-Hoc|iPhoneSimulator = Ad-Hoc|iPhoneSimulator
		Ad-Hoc|x64 = Ad-Hoc|x64
		Ad-Hoc|x86 = Ad-Hoc|x86
		AppStore|Any CPU = AppStore|Any CPU
		AppStore|ARM = AppStore|ARM
		AppStore|ARM64 = AppStore|ARM64
		AppStore|iPhone = AppStore|iPhone
		AppStore|iPhoneSimulator = AppStore|iPhoneSimulator
		AppStore|x64 = AppStore|x64
		AppStore|x86 = AppStore|x86
		Debug|Any CPU = Debug|Any CPU
		Debug|ARM = Debug|ARM
		Debug|ARM64 = Debug|ARM64
		Debug|iPhone = Debug|iPhone
		Debug|iPhoneSimulator = Debug|iPhoneSimulator
		Debug|x64 = Debug|x64
		Debug|x86 = Debug|x86
		Release|Any CPU = Release|Any CPU
		Release|ARM = Release|ARM
		Release|ARM64 = Release|ARM64
		Release|iPhone = Release|iPhone
		Release|iPhoneSimulator = Release|iPhoneSimulator
		Release|x64 = Release|x64
		Release|x86 = Release|x86
	EndGlobalSection
	GlobalSection(ProjectConfigurationPlatforms) = postSolution
		{954983B3-0782-4327-886A-88CF8CEA3DD1}.Ad-Hoc|Any CPU.ActiveCfg = Release|Any CPU
		{954983B3-0782-4327-886A-88CF8CEA3DD1}.Ad-Hoc|Any CPU.Build.0 = Release|Any CPU
		{954983B3-0782-4327-886A-88CF8CEA3DD1}.Ad-Hoc|Any CPU.Deploy.0 = Release|Any CPU
		{954983B3-0782-4327-886A-88CF8CEA3DD1}.Ad-Hoc|ARM.ActiveCfg = Release|Any CPU
		{954983B3-0782-4327-886A-88CF8CEA3DD1}.Ad-Hoc|ARM.Build.0 = Release|Any CPU
		{954983B3-0782-4327-886A-88CF8CEA3DD1}.Ad-Hoc|ARM.Deploy.0 = Release|Any CPU
		{954983B3-0782-4327-886A-88CF8CEA3DD1}.Ad-Hoc|ARM64.ActiveCfg = Release|Any CPU
		{954983B3-0782-4327-886A-88CF8CEA3DD1}.Ad-Hoc|ARM64.Build.0 = Release|Any CPU
		{954983B3-0782-4327-886A-88CF8CEA3DD1}.Ad-Hoc|ARM64.Deploy.0 = Release|Any CPU
		{954983B3-0782-4327-886A-88CF8CEA3DD1}.Ad-Hoc|iPhone.ActiveCfg = Release|Any CPU
		{954983B3-0782-4327-886A-88CF8CEA3DD1}.Ad-Hoc|iPhone.Build.0 = Release|Any CPU
		{954983B3-0782-4327-886A-88CF8CEA3DD1}.Ad-Hoc|iPhone.Deploy.0 = Release|Any CPU
		{954983B3-0782-4327-886A-88CF8CEA3DD1}.Ad-Hoc|iPhoneSimulator.ActiveCfg = Release|Any CPU
		{954983B3-0782-4327-886A-88CF8CEA3DD1}.Ad-Hoc|iPhoneSimulator.Build.0 = Release|Any CPU
		{954983B3-0782-4327-886A-88CF8CEA3DD1}.Ad-Hoc|iPhoneSimulator.Deploy.0 = Release|Any CPU
		{954983B3-0782-4327-886A-88CF8CEA3DD1}.Ad-Hoc|x64.ActiveCfg = Release|Any CPU
		{954983B3-0782-4327-886A-88CF8CEA3DD1}.Ad-Hoc|x64.Build.0 = Release|Any CPU
		{954983B3-0782-4327-886A-88CF8CEA3DD1}.Ad-Hoc|x64.Deploy.0 = Release|Any CPU
		{954983B3-0782-4327-886A-88CF8CEA3DD1}.Ad-Hoc|x86.ActiveCfg = Release|Any CPU
		{954983B3-0782-4327-886A-88CF8CEA3DD1}.Ad-Hoc|x86.Build.0 = Release|Any CPU
		{954983B3-0782-4327-886A-88CF8CEA3DD1}.Ad-Hoc|x86.Deploy.0 = Release|Any CPU
		{954983B3-0782-4327-886A-88CF8CEA3DD1}.AppStore|Any CPU.ActiveCfg = Release|Any CPU
		{954983B3-0782-4327-886A-88CF8CEA3DD1}.AppStore|Any CPU.Build.0 = Release|Any CPU
		{954983B3-0782-4327-886A-88CF8CEA3DD1}.AppStore|Any CPU.Deploy.0 = Release|Any CPU
		{954983B3-0782-4327-886A-88CF8CEA3DD1}.AppStore|ARM.ActiveCfg = Release|Any CPU
		{954983B3-0782-4327-886A-88CF8CEA3DD1}.AppStore|ARM.Build.0 = Release|Any CPU
		{954983B3-0782-4327-886A-88CF8CEA3DD1}.AppStore|ARM.Deploy.0 = Release|Any CPU
		{954983B3-0782-4327-886A-88CF8CEA3DD1}.AppStore|ARM64.ActiveCfg = Release|Any CPU
		{954983B3-0782-4327-886A-88CF8CEA3DD1}.AppStore|ARM64.Build.0 = Release|Any CPU
		{954983B3-0782-4327-886A-88CF8CEA3DD1}.AppStore|ARM64.Deploy.0 = Release|Any CPU
		{954983B3-0782-4327-886A-88CF8CEA3DD1}.AppStore|iPhone.ActiveCfg = Release|Any CPU
		{954983B3-0782-4327-886A-88CF8CEA3DD1}.AppStore|iPhone.Build.0 = Release|Any CPU
		{954983B3-0782-4327-886A-88CF8CEA3DD1}.AppStore|iPhone.Deploy.0 = Release|Any CPU
		{954983B3-0782-4327-886A-88CF8CEA3DD1}.AppStore|iPhoneSimulator.ActiveCfg = Release|Any CPU
		{954983B3-0782-4327-886A-88CF8CEA3DD1}.AppStore|iPhoneSimulator.Build.0 = Release|Any CPU
		{954983B3-0782-4327-886A-88CF8CEA3DD1}.AppStore|iPhoneSimulator.Deploy.0 = Release|Any CPU
		{954983B3-0782-4327-886A-88CF8CEA3DD1}.AppStore|x64.ActiveCfg = Release|Any CPU
		{954983B3-0782-4327-886A-88CF8CEA3DD1}.AppStore|x64.Build.0 = Release|Any CPU
		{954983B3-0782-4327-886A-88CF8CEA3DD1}.AppStore|x64.Deploy.0 = Release|Any CPU
		{954983B3-0782-4327-886A-88CF8CEA3DD1}.AppStore|x86.ActiveCfg = Release|Any CPU
		{954983B3-0782-4327-886A-88CF8CEA3DD1}.AppStore|x86.Build.0 = Release|Any CPU
		{954983B3-0782-4327-886A-88CF8CEA3DD1}.AppStore|x86.Deploy.0 = Release|Any CPU
		{954983B3-0782-4327-886A-88CF8CEA3DD1}.Debug|Any CPU.ActiveCfg = Debug|Any CPU
		{954983B3-0782-4327-886A-88CF8CEA3DD1}.Debug|Any CPU.Build.0 = Debug|Any CPU
		{954983B3-0782-4327-886A-88CF8CEA3DD1}.Debug|Any CPU.Deploy.0 = Debug|Any CPU
		{954983B3-0782-4327-886A-88CF8CEA3DD1}.Debug|ARM.ActiveCfg = Debug|Any CPU
		{954983B3-0782-4327-886A-88CF8CEA3DD1}.Debug|ARM.Build.0 = Debug|Any CPU
		{954983B3-0782-4327-886A-88CF8CEA3DD1}.Debug|ARM.Deploy.0 = Debug|Any CPU
		{954983B3-0782-4327-886A-88CF8CEA3DD1}.Debug|ARM64.ActiveCfg = Debug|Any CPU
		{954983B3-0782-4327-886A-88CF8CEA3DD1}.Debug|ARM64.Build.0 = Debug|Any CPU
		{954983B3-0782-4327-886A-88CF8CEA3DD1}.Debug|ARM64.Deploy.0 = Debug|Any CPU
		{954983B3-0782-4327-886A-88CF8CEA3DD1}.Debug|iPhone.ActiveCfg = Debug|Any CPU
		{954983B3-0782-4327-886A-88CF8CEA3DD1}.Debug|iPhone.Build.0 = Debug|Any CPU
		{954983B3-0782-4327-886A-88CF8CEA3DD1}.Debug|iPhone.Deploy.0 = Debug|Any CPU
		{954983B3-0782-4327-886A-88CF8CEA3DD1}.Debug|iPhoneSimulator.ActiveCfg = Debug|Any CPU
		{954983B3-0782-4327-886A-88CF8CEA3DD1}.Debug|iPhoneSimulator.Build.0 = Debug|Any CPU
		{954983B3-0782-4327-886A-88CF8CEA3DD1}.Debug|iPhoneSimulator.Deploy.0 = Debug|Any CPU
		{954983B3-0782-4327-886A-88CF8CEA3DD1}.Debug|x64.ActiveCfg = Debug|Any CPU
		{954983B3-0782-4327-886A-88CF8CEA3DD1}.Debug|x64.Build.0 = Debug|Any CPU
		{954983B3-0782-4327-886A-88CF8CEA3DD1}.Debug|x64.Deploy.0 = Debug|Any CPU
		{954983B3-0782-4327-886A-88CF8CEA3DD1}.Debug|x86.ActiveCfg = Debug|Any CPU
		{954983B3-0782-4327-886A-88CF8CEA3DD1}.Debug|x86.Build.0 = Debug|Any CPU
		{954983B3-0782-4327-886A-88CF8CEA3DD1}.Debug|x86.Deploy.0 = Debug|Any CPU
		{954983B3-0782-4327-886A-88CF8CEA3DD1}.Release|Any CPU.ActiveCfg = Release|Any CPU
		{954983B3-0782-4327-886A-88CF8CEA3DD1}.Release|Any CPU.Build.0 = Release|Any CPU
		{954983B3-0782-4327-886A-88CF8CEA3DD1}.Release|Any CPU.Deploy.0 = Release|Any CPU
		{954983B3-0782-4327-886A-88CF8CEA3DD1}.Release|ARM.ActiveCfg = Release|Any CPU
		{954983B3-0782-4327-886A-88CF8CEA3DD1}.Release|ARM.Build.0 = Release|Any CPU
		{954983B3-0782-4327-886A-88CF8CEA3DD1}.Release|ARM.Deploy.0 = Release|Any CPU
		{954983B3-0782-4327-886A-88CF8CEA3DD1}.Release|ARM64.ActiveCfg = Release|Any CPU
		{954983B3-0782-4327-886A-88CF8CEA3DD1}.Release|ARM64.Build.0 = Release|Any CPU
		{954983B3-0782-4327-886A-88CF8CEA3DD1}.Release|ARM64.Deploy.0 = Release|Any CPU
		{954983B3-0782-4327-886A-88CF8CEA3DD1}.Release|iPhone.ActiveCfg = Release|Any CPU
		{954983B3-0782-4327-886A-88CF8CEA3DD1}.Release|iPhone.Build.0 = Release|Any CPU
		{954983B3-0782-4327-886A-88CF8CEA3DD1}.Release|iPhone.Deploy.0 = Release|Any CPU
		{954983B3-0782-4327-886A-88CF8CEA3DD1}.Release|iPhoneSimulator.ActiveCfg = Release|Any CPU
		{954983B3-0782-4327-886A-88CF8CEA3DD1}.Release|iPhoneSimulator.Build.0 = Release|Any CPU
		{954983B3-0782-4327-886A-88CF8CEA3DD1}.Release|iPhoneSimulator.Deploy.0 = Release|Any CPU
		{954983B3-0782-4327-886A-88CF8CEA3DD1}.Release|x64.ActiveCfg = Release|Any CPU
		{954983B3-0782-4327-886A-88CF8CEA3DD1}.Release|x64.Build.0 = Release|Any CPU
		{954983B3-0782-4327-886A-88CF8CEA3DD1}.Release|x64.Deploy.0 = Release|Any CPU
		{954983B3-0782-4327-886A-88CF8CEA3DD1}.Release|x86.ActiveCfg = Release|Any CPU
		{954983B3-0782-4327-886A-88CF8CEA3DD1}.Release|x86.Build.0 = Release|Any CPU
		{954983B3-0782-4327-886A-88CF8CEA3DD1}.Release|x86.Deploy.0 = Release|Any CPU
		{DE605DD8-BC00-4798-8CC3-7EA785155F69}.Ad-Hoc|Any CPU.ActiveCfg = Ad-Hoc|iPhone
		{DE605DD8-BC00-4798-8CC3-7EA785155F69}.Ad-Hoc|ARM.ActiveCfg = Ad-Hoc|iPhone
		{DE605DD8-BC00-4798-8CC3-7EA785155F69}.Ad-Hoc|ARM64.ActiveCfg = Ad-Hoc|iPhone
		{DE605DD8-BC00-4798-8CC3-7EA785155F69}.Ad-Hoc|iPhone.ActiveCfg = Ad-Hoc|iPhone
		{DE605DD8-BC00-4798-8CC3-7EA785155F69}.Ad-Hoc|iPhone.Build.0 = Ad-Hoc|iPhone
		{DE605DD8-BC00-4798-8CC3-7EA785155F69}.Ad-Hoc|iPhoneSimulator.ActiveCfg = Ad-Hoc|iPhoneSimulator
		{DE605DD8-BC00-4798-8CC3-7EA785155F69}.Ad-Hoc|iPhoneSimulator.Build.0 = Ad-Hoc|iPhoneSimulator
		{DE605DD8-BC00-4798-8CC3-7EA785155F69}.Ad-Hoc|x64.ActiveCfg = Ad-Hoc|iPhone
		{DE605DD8-BC00-4798-8CC3-7EA785155F69}.Ad-Hoc|x86.ActiveCfg = Ad-Hoc|iPhone
		{DE605DD8-BC00-4798-8CC3-7EA785155F69}.AppStore|Any CPU.ActiveCfg = AppStore|iPhone
		{DE605DD8-BC00-4798-8CC3-7EA785155F69}.AppStore|ARM.ActiveCfg = AppStore|iPhone
		{DE605DD8-BC00-4798-8CC3-7EA785155F69}.AppStore|ARM64.ActiveCfg = AppStore|iPhone
		{DE605DD8-BC00-4798-8CC3-7EA785155F69}.AppStore|iPhone.ActiveCfg = AppStore|iPhone
		{DE605DD8-BC00-4798-8CC3-7EA785155F69}.AppStore|iPhone.Build.0 = AppStore|iPhone
		{DE605DD8-BC00-4798-8CC3-7EA785155F69}.AppStore|iPhoneSimulator.ActiveCfg = AppStore|iPhoneSimulator
		{DE605DD8-BC00-4798-8CC3-7EA785155F69}.AppStore|iPhoneSimulator.Build.0 = AppStore|iPhoneSimulator
		{DE605DD8-BC00-4798-8CC3-7EA785155F69}.AppStore|x64.ActiveCfg = AppStore|iPhone
		{DE605DD8-BC00-4798-8CC3-7EA785155F69}.AppStore|x86.ActiveCfg = AppStore|iPhone
		{DE605DD8-BC00-4798-8CC3-7EA785155F69}.Debug|Any CPU.ActiveCfg = Debug|iPhone
		{DE605DD8-BC00-4798-8CC3-7EA785155F69}.Debug|ARM.ActiveCfg = Debug|iPhone
		{DE605DD8-BC00-4798-8CC3-7EA785155F69}.Debug|ARM64.ActiveCfg = Debug|iPhone
		{DE605DD8-BC00-4798-8CC3-7EA785155F69}.Debug|iPhone.ActiveCfg = Debug|iPhone
		{DE605DD8-BC00-4798-8CC3-7EA785155F69}.Debug|iPhone.Build.0 = Debug|iPhone
		{DE605DD8-BC00-4798-8CC3-7EA785155F69}.Debug|iPhoneSimulator.ActiveCfg = Debug|iPhoneSimulator
		{DE605DD8-BC00-4798-8CC3-7EA785155F69}.Debug|iPhoneSimulator.Build.0 = Debug|iPhoneSimulator
		{DE605DD8-BC00-4798-8CC3-7EA785155F69}.Debug|x64.ActiveCfg = Debug|iPhone
		{DE605DD8-BC00-4798-8CC3-7EA785155F69}.Debug|x86.ActiveCfg = Debug|iPhone
		{DE605DD8-BC00-4798-8CC3-7EA785155F69}.Release|Any CPU.ActiveCfg = Release|iPhone
		{DE605DD8-BC00-4798-8CC3-7EA785155F69}.Release|ARM.ActiveCfg = Release|iPhone
		{DE605DD8-BC00-4798-8CC3-7EA785155F69}.Release|ARM64.ActiveCfg = Release|iPhone
		{DE605DD8-BC00-4798-8CC3-7EA785155F69}.Release|iPhone.ActiveCfg = Release|iPhone
		{DE605DD8-BC00-4798-8CC3-7EA785155F69}.Release|iPhone.Build.0 = Release|iPhone
		{DE605DD8-BC00-4798-8CC3-7EA785155F69}.Release|iPhoneSimulator.ActiveCfg = Release|iPhoneSimulator
		{DE605DD8-BC00-4798-8CC3-7EA785155F69}.Release|iPhoneSimulator.Build.0 = Release|iPhoneSimulator
		{DE605DD8-BC00-4798-8CC3-7EA785155F69}.Release|x64.ActiveCfg = Release|iPhone
		{DE605DD8-BC00-4798-8CC3-7EA785155F69}.Release|x86.ActiveCfg = Release|iPhone
		{20063541-3807-4DA6-8246-88B34D791FCF}.Ad-Hoc|Any CPU.ActiveCfg = Release|x64
		{20063541-3807-4DA6-8246-88B34D791FCF}.Ad-Hoc|Any CPU.Build.0 = Release|x64
		{20063541-3807-4DA6-8246-88B34D791FCF}.Ad-Hoc|Any CPU.Deploy.0 = Release|x64
		{20063541-3807-4DA6-8246-88B34D791FCF}.Ad-Hoc|ARM.ActiveCfg = Release|ARM
		{20063541-3807-4DA6-8246-88B34D791FCF}.Ad-Hoc|ARM.Build.0 = Release|ARM
		{20063541-3807-4DA6-8246-88B34D791FCF}.Ad-Hoc|ARM.Deploy.0 = Release|ARM
		{20063541-3807-4DA6-8246-88B34D791FCF}.Ad-Hoc|ARM64.ActiveCfg = Release|ARM64
		{20063541-3807-4DA6-8246-88B34D791FCF}.Ad-Hoc|ARM64.Build.0 = Release|ARM64
		{20063541-3807-4DA6-8246-88B34D791FCF}.Ad-Hoc|ARM64.Deploy.0 = Release|ARM64
		{20063541-3807-4DA6-8246-88B34D791FCF}.Ad-Hoc|iPhone.ActiveCfg = Release|x64
		{20063541-3807-4DA6-8246-88B34D791FCF}.Ad-Hoc|iPhone.Build.0 = Release|x64
		{20063541-3807-4DA6-8246-88B34D791FCF}.Ad-Hoc|iPhone.Deploy.0 = Release|x64
		{20063541-3807-4DA6-8246-88B34D791FCF}.Ad-Hoc|iPhoneSimulator.ActiveCfg = Release|x64
		{20063541-3807-4DA6-8246-88B34D791FCF}.Ad-Hoc|iPhoneSimulator.Build.0 = Release|x64
		{20063541-3807-4DA6-8246-88B34D791FCF}.Ad-Hoc|iPhoneSimulator.Deploy.0 = Release|x64
		{20063541-3807-4DA6-8246-88B34D791FCF}.Ad-Hoc|x64.ActiveCfg = Release|x64
		{20063541-3807-4DA6-8246-88B34D791FCF}.Ad-Hoc|x64.Build.0 = Release|x64
		{20063541-3807-4DA6-8246-88B34D791FCF}.Ad-Hoc|x64.Deploy.0 = Release|x64
		{20063541-3807-4DA6-8246-88B34D791FCF}.Ad-Hoc|x86.ActiveCfg = Release|x86
		{20063541-3807-4DA6-8246-88B34D791FCF}.Ad-Hoc|x86.Build.0 = Release|x86
		{20063541-3807-4DA6-8246-88B34D791FCF}.Ad-Hoc|x86.Deploy.0 = Release|x86
		{20063541-3807-4DA6-8246-88B34D791FCF}.AppStore|Any CPU.ActiveCfg = Release|x64
		{20063541-3807-4DA6-8246-88B34D791FCF}.AppStore|Any CPU.Build.0 = Release|x64
		{20063541-3807-4DA6-8246-88B34D791FCF}.AppStore|Any CPU.Deploy.0 = Release|x64
		{20063541-3807-4DA6-8246-88B34D791FCF}.AppStore|ARM.ActiveCfg = Release|ARM
		{20063541-3807-4DA6-8246-88B34D791FCF}.AppStore|ARM.Build.0 = Release|ARM
		{20063541-3807-4DA6-8246-88B34D791FCF}.AppStore|ARM.Deploy.0 = Release|ARM
		{20063541-3807-4DA6-8246-88B34D791FCF}.AppStore|ARM64.ActiveCfg = Release|ARM64
		{20063541-3807-4DA6-8246-88B34D791FCF}.AppStore|ARM64.Build.0 = Release|ARM64
		{20063541-3807-4DA6-8246-88B34D791FCF}.AppStore|ARM64.Deploy.0 = Release|ARM64
		{20063541-3807-4DA6-8246-88B34D791FCF}.AppStore|iPhone.ActiveCfg = Release|x64
		{20063541-3807-4DA6-8246-88B34D791FCF}.AppStore|iPhone.Build.0 = Release|x64
		{20063541-3807-4DA6-8246-88B34D791FCF}.AppStore|iPhone.Deploy.0 = Release|x64
		{20063541-3807-4DA6-8246-88B34D791FCF}.AppStore|iPhoneSimulator.ActiveCfg = Release|x64
		{20063541-3807-4DA6-8246-88B34D791FCF}.AppStore|iPhoneSimulator.Build.0 = Release|x64
		{20063541-3807-4DA6-8246-88B34D791FCF}.AppStore|iPhoneSimulator.Deploy.0 = Release|x64
		{20063541-3807-4DA6-8246-88B34D791FCF}.AppStore|x64.ActiveCfg = Release|x64
		{20063541-3807-4DA6-8246-88B34D791FCF}.AppStore|x64.Build.0 = Release|x64
		{20063541-3807-4DA6-8246-88B34D791FCF}.AppStore|x64.Deploy.0 = Release|x64
		{20063541-3807-4DA6-8246-88B34D791FCF}.AppStore|x86.ActiveCfg = Release|x86
		{20063541-3807-4DA6-8246-88B34D791FCF}.AppStore|x86.Build.0 = Release|x86
		{20063541-3807-4DA6-8246-88B34D791FCF}.AppStore|x86.Deploy.0 = Release|x86
		{20063541-3807-4DA6-8246-88B34D791FCF}.Debug|Any CPU.ActiveCfg = Debug|x86
		{20063541-3807-4DA6-8246-88B34D791FCF}.Debug|ARM.ActiveCfg = Debug|ARM
		{20063541-3807-4DA6-8246-88B34D791FCF}.Debug|ARM.Build.0 = Debug|ARM
		{20063541-3807-4DA6-8246-88B34D791FCF}.Debug|ARM.Deploy.0 = Debug|ARM
		{20063541-3807-4DA6-8246-88B34D791FCF}.Debug|ARM64.ActiveCfg = Debug|ARM64
		{20063541-3807-4DA6-8246-88B34D791FCF}.Debug|ARM64.Build.0 = Debug|ARM64
		{20063541-3807-4DA6-8246-88B34D791FCF}.Debug|ARM64.Deploy.0 = Debug|ARM64
		{20063541-3807-4DA6-8246-88B34D791FCF}.Debug|iPhone.ActiveCfg = Debug|x86
		{20063541-3807-4DA6-8246-88B34D791FCF}.Debug|iPhoneSimulator.ActiveCfg = Debug|x86
		{20063541-3807-4DA6-8246-88B34D791FCF}.Debug|x64.ActiveCfg = Debug|x64
		{20063541-3807-4DA6-8246-88B34D791FCF}.Debug|x64.Build.0 = Debug|x64
		{20063541-3807-4DA6-8246-88B34D791FCF}.Debug|x64.Deploy.0 = Debug|x64
		{20063541-3807-4DA6-8246-88B34D791FCF}.Debug|x86.ActiveCfg = Debug|x86
		{20063541-3807-4DA6-8246-88B34D791FCF}.Debug|x86.Build.0 = Debug|x86
		{20063541-3807-4DA6-8246-88B34D791FCF}.Debug|x86.Deploy.0 = Debug|x86
		{20063541-3807-4DA6-8246-88B34D791FCF}.Release|Any CPU.ActiveCfg = Release|x86
		{20063541-3807-4DA6-8246-88B34D791FCF}.Release|ARM.ActiveCfg = Release|ARM
		{20063541-3807-4DA6-8246-88B34D791FCF}.Release|ARM.Build.0 = Release|ARM
		{20063541-3807-4DA6-8246-88B34D791FCF}.Release|ARM.Deploy.0 = Release|ARM
		{20063541-3807-4DA6-8246-88B34D791FCF}.Release|ARM64.ActiveCfg = Release|ARM64
		{20063541-3807-4DA6-8246-88B34D791FCF}.Release|ARM64.Build.0 = Release|ARM64
		{20063541-3807-4DA6-8246-88B34D791FCF}.Release|ARM64.Deploy.0 = Release|ARM64
		{20063541-3807-4DA6-8246-88B34D791FCF}.Release|iPhone.ActiveCfg = Release|x86
		{20063541-3807-4DA6-8246-88B34D791FCF}.Release|iPhoneSimulator.ActiveCfg = Release|x86
		{20063541-3807-4DA6-8246-88B34D791FCF}.Release|x64.ActiveCfg = Release|x64
		{20063541-3807-4DA6-8246-88B34D791FCF}.Release|x64.Build.0 = Release|x64
		{20063541-3807-4DA6-8246-88B34D791FCF}.Release|x64.Deploy.0 = Release|x64
		{20063541-3807-4DA6-8246-88B34D791FCF}.Release|x86.ActiveCfg = Release|x86
		{20063541-3807-4DA6-8246-88B34D791FCF}.Release|x86.Build.0 = Release|x86
		{20063541-3807-4DA6-8246-88B34D791FCF}.Release|x86.Deploy.0 = Release|x86
		{0D50845A-EFAE-4D18-AD65-41D1FC6DB90D}.Ad-Hoc|Any CPU.ActiveCfg = Debug|Any CPU
		{0D50845A-EFAE-4D18-AD65-41D1FC6DB90D}.Ad-Hoc|Any CPU.Build.0 = Debug|Any CPU
		{0D50845A-EFAE-4D18-AD65-41D1FC6DB90D}.Ad-Hoc|ARM.ActiveCfg = Debug|Any CPU
		{0D50845A-EFAE-4D18-AD65-41D1FC6DB90D}.Ad-Hoc|ARM.Build.0 = Debug|Any CPU
		{0D50845A-EFAE-4D18-AD65-41D1FC6DB90D}.Ad-Hoc|ARM64.ActiveCfg = Debug|Any CPU
		{0D50845A-EFAE-4D18-AD65-41D1FC6DB90D}.Ad-Hoc|ARM64.Build.0 = Debug|Any CPU
		{0D50845A-EFAE-4D18-AD65-41D1FC6DB90D}.Ad-Hoc|iPhone.ActiveCfg = Debug|Any CPU
		{0D50845A-EFAE-4D18-AD65-41D1FC6DB90D}.Ad-Hoc|iPhone.Build.0 = Debug|Any CPU
		{0D50845A-EFAE-4D18-AD65-41D1FC6DB90D}.Ad-Hoc|iPhoneSimulator.ActiveCfg = Debug|Any CPU
		{0D50845A-EFAE-4D18-AD65-41D1FC6DB90D}.Ad-Hoc|iPhoneSimulator.Build.0 = Debug|Any CPU
		{0D50845A-EFAE-4D18-AD65-41D1FC6DB90D}.Ad-Hoc|x64.ActiveCfg = Debug|Any CPU
		{0D50845A-EFAE-4D18-AD65-41D1FC6DB90D}.Ad-Hoc|x64.Build.0 = Debug|Any CPU
		{0D50845A-EFAE-4D18-AD65-41D1FC6DB90D}.Ad-Hoc|x86.ActiveCfg = Debug|Any CPU
		{0D50845A-EFAE-4D18-AD65-41D1FC6DB90D}.Ad-Hoc|x86.Build.0 = Debug|Any CPU
		{0D50845A-EFAE-4D18-AD65-41D1FC6DB90D}.AppStore|Any CPU.ActiveCfg = Debug|Any CPU
		{0D50845A-EFAE-4D18-AD65-41D1FC6DB90D}.AppStore|Any CPU.Build.0 = Debug|Any CPU
		{0D50845A-EFAE-4D18-AD65-41D1FC6DB90D}.AppStore|ARM.ActiveCfg = Debug|Any CPU
		{0D50845A-EFAE-4D18-AD65-41D1FC6DB90D}.AppStore|ARM.Build.0 = Debug|Any CPU
		{0D50845A-EFAE-4D18-AD65-41D1FC6DB90D}.AppStore|ARM64.ActiveCfg = Debug|Any CPU
		{0D50845A-EFAE-4D18-AD65-41D1FC6DB90D}.AppStore|ARM64.Build.0 = Debug|Any CPU
		{0D50845A-EFAE-4D18-AD65-41D1FC6DB90D}.AppStore|iPhone.ActiveCfg = Debug|Any CPU
		{0D50845A-EFAE-4D18-AD65-41D1FC6DB90D}.AppStore|iPhone.Build.0 = Debug|Any CPU
		{0D50845A-EFAE-4D18-AD65-41D1FC6DB90D}.AppStore|iPhoneSimulator.ActiveCfg = Debug|Any CPU
		{0D50845A-EFAE-4D18-AD65-41D1FC6DB90D}.AppStore|iPhoneSimulator.Build.0 = Debug|Any CPU
		{0D50845A-EFAE-4D18-AD65-41D1FC6DB90D}.AppStore|x64.ActiveCfg = Debug|Any CPU
		{0D50845A-EFAE-4D18-AD65-41D1FC6DB90D}.AppStore|x64.Build.0 = Debug|Any CPU
		{0D50845A-EFAE-4D18-AD65-41D1FC6DB90D}.AppStore|x86.ActiveCfg = Debug|Any CPU
		{0D50845A-EFAE-4D18-AD65-41D1FC6DB90D}.AppStore|x86.Build.0 = Debug|Any CPU
		{0D50845A-EFAE-4D18-AD65-41D1FC6DB90D}.Debug|Any CPU.ActiveCfg = Debug|Any CPU
		{0D50845A-EFAE-4D18-AD65-41D1FC6DB90D}.Debug|Any CPU.Build.0 = Debug|Any CPU
		{0D50845A-EFAE-4D18-AD65-41D1FC6DB90D}.Debug|ARM.ActiveCfg = Debug|Any CPU
		{0D50845A-EFAE-4D18-AD65-41D1FC6DB90D}.Debug|ARM.Build.0 = Debug|Any CPU
		{0D50845A-EFAE-4D18-AD65-41D1FC6DB90D}.Debug|ARM64.ActiveCfg = Debug|Any CPU
		{0D50845A-EFAE-4D18-AD65-41D1FC6DB90D}.Debug|ARM64.Build.0 = Debug|Any CPU
		{0D50845A-EFAE-4D18-AD65-41D1FC6DB90D}.Debug|iPhone.ActiveCfg = Debug|Any CPU
		{0D50845A-EFAE-4D18-AD65-41D1FC6DB90D}.Debug|iPhone.Build.0 = Debug|Any CPU
		{0D50845A-EFAE-4D18-AD65-41D1FC6DB90D}.Debug|iPhoneSimulator.ActiveCfg = Debug|Any CPU
		{0D50845A-EFAE-4D18-AD65-41D1FC6DB90D}.Debug|iPhoneSimulator.Build.0 = Debug|Any CPU
		{0D50845A-EFAE-4D18-AD65-41D1FC6DB90D}.Debug|x64.ActiveCfg = Debug|Any CPU
		{0D50845A-EFAE-4D18-AD65-41D1FC6DB90D}.Debug|x64.Build.0 = Debug|Any CPU
		{0D50845A-EFAE-4D18-AD65-41D1FC6DB90D}.Debug|x86.ActiveCfg = Debug|Any CPU
		{0D50845A-EFAE-4D18-AD65-41D1FC6DB90D}.Debug|x86.Build.0 = Debug|Any CPU
		{0D50845A-EFAE-4D18-AD65-41D1FC6DB90D}.Release|Any CPU.ActiveCfg = Release|Any CPU
		{0D50845A-EFAE-4D18-AD65-41D1FC6DB90D}.Release|Any CPU.Build.0 = Release|Any CPU
		{0D50845A-EFAE-4D18-AD65-41D1FC6DB90D}.Release|ARM.ActiveCfg = Release|Any CPU
		{0D50845A-EFAE-4D18-AD65-41D1FC6DB90D}.Release|ARM.Build.0 = Release|Any CPU
		{0D50845A-EFAE-4D18-AD65-41D1FC6DB90D}.Release|ARM64.ActiveCfg = Release|Any CPU
		{0D50845A-EFAE-4D18-AD65-41D1FC6DB90D}.Release|ARM64.Build.0 = Release|Any CPU
		{0D50845A-EFAE-4D18-AD65-41D1FC6DB90D}.Release|iPhone.ActiveCfg = Release|Any CPU
		{0D50845A-EFAE-4D18-AD65-41D1FC6DB90D}.Release|iPhone.Build.0 = Release|Any CPU
		{0D50845A-EFAE-4D18-AD65-41D1FC6DB90D}.Release|iPhoneSimulator.ActiveCfg = Release|Any CPU
		{0D50845A-EFAE-4D18-AD65-41D1FC6DB90D}.Release|iPhoneSimulator.Build.0 = Release|Any CPU
		{0D50845A-EFAE-4D18-AD65-41D1FC6DB90D}.Release|x64.ActiveCfg = Release|Any CPU
		{0D50845A-EFAE-4D18-AD65-41D1FC6DB90D}.Release|x64.Build.0 = Release|Any CPU
		{0D50845A-EFAE-4D18-AD65-41D1FC6DB90D}.Release|x86.ActiveCfg = Release|Any CPU
		{0D50845A-EFAE-4D18-AD65-41D1FC6DB90D}.Release|x86.Build.0 = Release|Any CPU
		{B9CD5736-1BAE-413F-A6A5-FFF0134EC05C}.Ad-Hoc|Any CPU.ActiveCfg = Release|iPhoneSimulator
		{B9CD5736-1BAE-413F-A6A5-FFF0134EC05C}.Ad-Hoc|Any CPU.Build.0 = Release|iPhoneSimulator
		{B9CD5736-1BAE-413F-A6A5-FFF0134EC05C}.Ad-Hoc|ARM.ActiveCfg = Release|iPhoneSimulator
		{B9CD5736-1BAE-413F-A6A5-FFF0134EC05C}.Ad-Hoc|ARM.Build.0 = Release|iPhoneSimulator
		{B9CD5736-1BAE-413F-A6A5-FFF0134EC05C}.Ad-Hoc|ARM64.ActiveCfg = Release|iPhoneSimulator
		{B9CD5736-1BAE-413F-A6A5-FFF0134EC05C}.Ad-Hoc|ARM64.Build.0 = Release|iPhoneSimulator
		{B9CD5736-1BAE-413F-A6A5-FFF0134EC05C}.Ad-Hoc|iPhone.ActiveCfg = Release|iPhoneSimulator
		{B9CD5736-1BAE-413F-A6A5-FFF0134EC05C}.Ad-Hoc|iPhone.Build.0 = Release|iPhoneSimulator
		{B9CD5736-1BAE-413F-A6A5-FFF0134EC05C}.Ad-Hoc|iPhoneSimulator.ActiveCfg = Release|iPhoneSimulator
		{B9CD5736-1BAE-413F-A6A5-FFF0134EC05C}.Ad-Hoc|iPhoneSimulator.Build.0 = Release|iPhoneSimulator
		{B9CD5736-1BAE-413F-A6A5-FFF0134EC05C}.Ad-Hoc|x64.ActiveCfg = Release|iPhoneSimulator
		{B9CD5736-1BAE-413F-A6A5-FFF0134EC05C}.Ad-Hoc|x64.Build.0 = Release|iPhoneSimulator
		{B9CD5736-1BAE-413F-A6A5-FFF0134EC05C}.Ad-Hoc|x86.ActiveCfg = Release|iPhoneSimulator
		{B9CD5736-1BAE-413F-A6A5-FFF0134EC05C}.Ad-Hoc|x86.Build.0 = Release|iPhoneSimulator
		{B9CD5736-1BAE-413F-A6A5-FFF0134EC05C}.AppStore|Any CPU.ActiveCfg = Release|iPhoneSimulator
		{B9CD5736-1BAE-413F-A6A5-FFF0134EC05C}.AppStore|Any CPU.Build.0 = Release|iPhoneSimulator
		{B9CD5736-1BAE-413F-A6A5-FFF0134EC05C}.AppStore|ARM.ActiveCfg = Release|iPhoneSimulator
		{B9CD5736-1BAE-413F-A6A5-FFF0134EC05C}.AppStore|ARM.Build.0 = Release|iPhoneSimulator
		{B9CD5736-1BAE-413F-A6A5-FFF0134EC05C}.AppStore|ARM64.ActiveCfg = Release|iPhoneSimulator
		{B9CD5736-1BAE-413F-A6A5-FFF0134EC05C}.AppStore|ARM64.Build.0 = Release|iPhoneSimulator
		{B9CD5736-1BAE-413F-A6A5-FFF0134EC05C}.AppStore|iPhone.ActiveCfg = Release|iPhoneSimulator
		{B9CD5736-1BAE-413F-A6A5-FFF0134EC05C}.AppStore|iPhone.Build.0 = Release|iPhoneSimulator
		{B9CD5736-1BAE-413F-A6A5-FFF0134EC05C}.AppStore|iPhoneSimulator.ActiveCfg = Release|iPhoneSimulator
		{B9CD5736-1BAE-413F-A6A5-FFF0134EC05C}.AppStore|iPhoneSimulator.Build.0 = Release|iPhoneSimulator
		{B9CD5736-1BAE-413F-A6A5-FFF0134EC05C}.AppStore|x64.ActiveCfg = Release|iPhoneSimulator
		{B9CD5736-1BAE-413F-A6A5-FFF0134EC05C}.AppStore|x64.Build.0 = Release|iPhoneSimulator
		{B9CD5736-1BAE-413F-A6A5-FFF0134EC05C}.AppStore|x86.ActiveCfg = Release|iPhoneSimulator
		{B9CD5736-1BAE-413F-A6A5-FFF0134EC05C}.AppStore|x86.Build.0 = Release|iPhoneSimulator
		{B9CD5736-1BAE-413F-A6A5-FFF0134EC05C}.Debug|Any CPU.ActiveCfg = Debug|iPhoneSimulator
		{B9CD5736-1BAE-413F-A6A5-FFF0134EC05C}.Debug|ARM.ActiveCfg = Debug|iPhoneSimulator
		{B9CD5736-1BAE-413F-A6A5-FFF0134EC05C}.Debug|ARM64.ActiveCfg = Debug|iPhoneSimulator
		{B9CD5736-1BAE-413F-A6A5-FFF0134EC05C}.Debug|iPhone.ActiveCfg = Debug|iPhoneSimulator
		{B9CD5736-1BAE-413F-A6A5-FFF0134EC05C}.Debug|iPhoneSimulator.ActiveCfg = Debug|iPhoneSimulator
		{B9CD5736-1BAE-413F-A6A5-FFF0134EC05C}.Debug|iPhoneSimulator.Build.0 = Debug|iPhoneSimulator
		{B9CD5736-1BAE-413F-A6A5-FFF0134EC05C}.Debug|x64.ActiveCfg = Debug|iPhoneSimulator
		{B9CD5736-1BAE-413F-A6A5-FFF0134EC05C}.Debug|x86.ActiveCfg = Debug|iPhoneSimulator
		{B9CD5736-1BAE-413F-A6A5-FFF0134EC05C}.Release|Any CPU.ActiveCfg = Release|iPhoneSimulator
		{B9CD5736-1BAE-413F-A6A5-FFF0134EC05C}.Release|ARM.ActiveCfg = Release|iPhoneSimulator
		{B9CD5736-1BAE-413F-A6A5-FFF0134EC05C}.Release|ARM64.ActiveCfg = Release|iPhoneSimulator
		{B9CD5736-1BAE-413F-A6A5-FFF0134EC05C}.Release|iPhone.ActiveCfg = Release|iPhoneSimulator
		{B9CD5736-1BAE-413F-A6A5-FFF0134EC05C}.Release|iPhoneSimulator.ActiveCfg = Release|iPhoneSimulator
		{B9CD5736-1BAE-413F-A6A5-FFF0134EC05C}.Release|iPhoneSimulator.Build.0 = Release|iPhoneSimulator
		{B9CD5736-1BAE-413F-A6A5-FFF0134EC05C}.Release|x64.ActiveCfg = Release|iPhoneSimulator
		{B9CD5736-1BAE-413F-A6A5-FFF0134EC05C}.Release|x86.ActiveCfg = Release|iPhoneSimulator
	EndGlobalSection
	GlobalSection(SolutionProperties) = preSolution
		HideSolutionNode = FALSE
	EndGlobalSection
	GlobalSection(ExtensibilityGlobals) = postSolution
		SolutionGuid = {D620AAAB-C1DE-48FF-9224-CF271D684169}
	EndGlobalSection
EndGlobal
